PODS:
  - AFNetworking (3.1.0):
    - AFNetworking/NSURLSession (= 3.1.0)
    - AFNetworking/Reachability (= 3.1.0)
    - AFNetworking/Security (= 3.1.0)
    - AFNetworking/Serialization (= 3.1.0)
    - AFNetworking/UIKit (= 3.1.0)
  - AFNetworking/NSURLSession (3.1.0):
    - AFNetworking/Reachability
    - AFNetworking/Security
    - AFNetworking/Serialization
  - AFNetworking/Reachability (3.1.0)
  - AFNetworking/Security (3.1.0)
  - AFNetworking/Serialization (3.1.0)
  - AFNetworking/UIKit (3.1.0):
    - AFNetworking/NSURLSession
  - AppLord (1.2.1)
  - Bolts (1.9.0):
    - Bolts/AppLinks (= 1.9.0)
    - Bolts/Tasks (= 1.9.0)
  - Bolts/AppLinks (1.9.0):
    - Bolts/Tasks
  - Bolts/Tasks (1.9.0)
  - JLRoutes (2.1)
  - Masonry (1.1.0)
  - MMKV (1.0.23)
  - MMMarkdown (0.5.5)
  - Nama-lite (6.4.0)
  - PromiseKit (6.10.0):
    - PromiseKit/CorePromise (= 6.10.0)
    - PromiseKit/Foundation (= 6.10.0)
    - PromiseKit/UIKit (= 6.10.0)
  - PromiseKit/CorePromise (6.10.0)
  - PromiseKit/Foundation (6.10.0):
    - PromiseKit/CorePromise
  - PromiseKit/UIKit (6.10.0):
    - PromiseKit/CorePromise
  - SDWebImage (4.4.7):
    - SDWebImage/Core (= 4.4.7)
  - SDWebImage/Core (4.4.7)
  - YTKNetwork (2.0.4):
    - AFNetworking (~> 3.0)

DEPENDENCIES:
  - AFNetworking (~> 3.1.0)
  - AppLord
  - Bolts
  - JLRoutes (~> 2.1)
  - Masonry (~> 1.1.0)
  - MMKV
  - MMMarkdown (~> 0.5.5)
  - Nama-lite (= 6.4.0)
  - PromiseKit
  - SDWebImage (~> 4.4.7)
  - YTKNetwork (~> 2.0.4)

SPEC REPOS:
  https://github.com/cocoapods/specs.git:
    - AFNetworking
    - AppLord
    - Bolts
    - JLRoutes
    - Masonry
    - MMKV
    - MMMarkdown
    - Nama-lite
    - PromiseKit
    - SDWebImage
    - YTKNetwork

SPEC CHECKSUMS:
  AFNetworking: 5e0e199f73d8626b11e79750991f5d173d1f8b67
  AppLord: b276ec9fbe09639839b66d13ad3cb5835eedb8bb
  Bolts: ac6567323eac61e203f6a9763667d0f711be34c8
  JLRoutes: d755245322b94227662ea3e43492fdca94e05c5b
  Masonry: 678fab65091a9290e40e2832a55e7ab731aad201
  MMKV: 031ae51aedc0af1b250922f7ed8a6b6ee2f94c4c
  MMMarkdown: 1af97166ce0f6d6e0cb05695665492195d27c3f1
  Nama-lite: 39e4b2163343c342a60237b681345fda1a4fbc99
  PromiseKit: 1fdaeb6c0a94a5114fcb814ff3d772b86886ad4e
  SDWebImage: c10d14a8883ebd89664f02a422006f66a85c0c5d
  YTKNetwork: df8a7a5597bda1664a4efaa7ef871a818a887fe0

PODFILE CHECKSUM: 591fa2d86d8e3e07f65a07fea2dd4968453bee8b

COCOAPODS: 1.7.2
