PODS:
  - AFNetworking (3.1.0):
    - AFNetworking/NSURLSession (= 3.1.0)
    - AFNetworking/Reachability (= 3.1.0)
    - AFNetworking/Security (= 3.1.0)
    - AFNetworking/Serialization (= 3.1.0)
    - AFNetworking/UIKit (= 3.1.0)
  - AFNetworking/NSURLSession (3.1.0):
    - AFNetworking/Reachability
    - AFNetworking/Security
    - AFNetworking/Serialization
  - AFNetworking/Reachability (3.1.0)
  - AFNetworking/Security (3.1.0)
  - AFNetworking/Serialization (3.1.0)
  - AFNetworking/UIKit (3.1.0):
    - AFNetworking/NSURLSession
  - Masonry (1.1.0)
  - MMMarkdown (0.5.5)
  - SDWebImage (4.1.2):
    - SDWebImage/Core (= 4.1.2)
  - SDWebImage/Core (4.1.2)

DEPENDENCIES:
  - AFNetworking (~> 3.1.0)
  - Masonry (~> 1.1.0)
  - MMMarkdown (~> 0.5.5)
  - SDWebImage (~> 4.1.0)

SPEC CHECKSUMS:
  AFNetworking: 5e0e199f73d8626b11e79750991f5d173d1f8b67
  Masonry: 678fab65091a9290e40e2832a55e7ab731aad201
  MMMarkdown: 1af97166ce0f6d6e0cb05695665492195d27c3f1
  SDWebImage: cb6f9f266a9977741efcbc21e618e8be3734c774

PODFILE CHECKSUM: bed3016000bb003de4887b53f3c8652038ed9c4d

COCOAPODS: 1.2.1
