// !$*UTF8*$!
{
	archiveVersion = 1;
	classes = {
	};
	objectVersion = 46;
	objects = {

/* Begin PBXBuildFile section */
		7FDC6ECA1F46E35A00D94379 /* main.m in Sources */ = {isa = PBXBuildFile; fileRef = 7FDC6EC91F46E35A00D94379 /* main.m */; };
		7FDC6ECD1F46E35A00D94379 /* AppDelegate.m in Sources */ = {isa = PBXBuildFile; fileRef = 7FDC6ECC1F46E35A00D94379 /* AppDelegate.m */; };
		7FDC6ED01F46E35A00D94379 /* ViewController.m in Sources */ = {isa = PBXBuildFile; fileRef = 7FDC6ECF1F46E35A00D94379 /* ViewController.m */; };
		7FDC6ED31F46E35A00D94379 /* Main.storyboard in Resources */ = {isa = PBXBuildFile; fileRef = 7FDC6ED11F46E35A00D94379 /* Main.storyboard */; };
		7FDC6ED51F46E35A00D94379 /* Assets.xcassets in Resources */ = {isa = PBXBuildFile; fileRef = 7FDC6ED41F46E35A00D94379 /* Assets.xcassets */; };
		7FDC6ED81F46E35A00D94379 /* LaunchScreen.storyboard in Resources */ = {isa = PBXBuildFile; fileRef = 7FDC6ED61F46E35A00D94379 /* LaunchScreen.storyboard */; };
/* End PBXBuildFile section */

/* Begin PBXFileReference section */
		7FDC6EC51F46E35A00D94379 /* Weather_App.app */ = {isa = PBXFileReference; explicitFileType = wrapper.application; includeInIndex = 0; path = Weather_App.app; sourceTree = BUILT_PRODUCTS_DIR; };
		7FDC6EC91F46E35A00D94379 /* main.m */ = {isa = PBXFileReference; lastKnownFileType = sourcecode.c.objc; path = main.m; sourceTree = "<group>"; };
		7FDC6ECB1F46E35A00D94379 /* AppDelegate.h */ = {isa = PBXFileReference; lastKnownFileType = sourcecode.c.h; path = AppDelegate.h; sourceTree = "<group>"; };
		7FDC6ECC1F46E35A00D94379 /* AppDelegate.m */ = {isa = PBXFileReference; lastKnownFileType = sourcecode.c.objc; path = AppDelegate.m; sourceTree = "<group>"; };
		7FDC6ECE1F46E35A00D94379 /* ViewController.h */ = {isa = PBXFileReference; lastKnownFileType = sourcecode.c.h; path = ViewController.h; sourceTree = "<group>"; };
		7FDC6ECF1F46E35A00D94379 /* ViewController.m */ = {isa = PBXFileReference; lastKnownFileType = sourcecode.c.objc; path = ViewController.m; sourceTree = "<group>"; };
		7FDC6ED21F46E35A00D94379 /* Base */ = {isa = PBXFileReference; lastKnownFileType = file.storyboard; name = Base; path = Base.lproj/Main.storyboard; sourceTree = "<group>"; };
		7FDC6ED41F46E35A00D94379 /* Assets.xcassets */ = {isa = PBXFileReference; lastKnownFileType = folder.assetcatalog; path = Assets.xcassets; sourceTree = "<group>"; };
		7FDC6ED71F46E35A00D94379 /* Base */ = {isa = PBXFileReference; lastKnownFileType = file.storyboard; name = Base; path = Base.lproj/LaunchScreen.storyboard; sourceTree = "<group>"; };
		7FDC6ED91F46E35A00D94379 /* Info.plist */ = {isa = PBXFileReference; lastKnownFileType = text.plist.xml; path = Info.plist; sourceTree = "<group>"; };
/* End PBXFileReference section */

/* Begin PBXFrameworksBuildPhase section */
		7FDC6EC21F46E35A00D94379 /* Frameworks */ = {
			isa = PBXFrameworksBuildPhase;
			buildActionMask = 2147483647;
			files = (
			);
			runOnlyForDeploymentPostprocessing = 0;
		};
/* End PBXFrameworksBuildPhase section */

/* Begin PBXGroup section */
		7FDC6EBC1F46E35A00D94379 = {
			isa = PBXGroup;
			children = (
				7FDC6EC71F46E35A00D94379 /* Weather_App */,
				7FDC6EC61F46E35A00D94379 /* Products */,
			);
			sourceTree = "<group>";
		};
		7FDC6EC61F46E35A00D94379 /* Products */ = {
			isa = PBXGroup;
			children = (
				7FDC6EC51F46E35A00D94379 /* Weather_App.app */,
			);
			name = Products;
			sourceTree = "<group>";
		};
		7FDC6EC71F46E35A00D94379 /* Weather_App */ = {
			isa = PBXGroup;
			children = (
				7FDC6ECB1F46E35A00D94379 /* AppDelegate.h */,
				7FDC6ECC1F46E35A00D94379 /* AppDelegate.m */,
				7FDC6ECE1F46E35A00D94379 /* ViewController.h */,
				7FDC6ECF1F46E35A00D94379 /* ViewController.m */,
				7FDC6ED11F46E35A00D94379 /* Main.storyboard */,
				7FDC6ED41F46E35A00D94379 /* Assets.xcassets */,
				7FDC6ED61F46E35A00D94379 /* LaunchScreen.storyboard */,
				7FDC6ED91F46E35A00D94379 /* Info.plist */,
				7FDC6EC81F46E35A00D94379 /* Supporting Files */,
			);
			path = Weather_App;
			sourceTree = "<group>";
		};
		7FDC6EC81F46E35A00D94379 /* Supporting Files */ = {
			isa = PBXGroup;
			children = (
				7FDC6EC91F46E35A00D94379 /* main.m */,
			);
			name = "Supporting Files";
			sourceTree = "<group>";
		};
/* End PBXGroup section */

/* Begin PBXNativeTarget section */
		7FDC6EC41F46E35A00D94379 /* Weather_App */ = {
			isa = PBXNativeTarget;
			buildConfigurationList = 7FDC6EDC1F46E35A00D94379 /* Build configuration list for PBXNativeTarget "Weather_App" */;
			buildPhases = (
				7FDC6EC11F46E35A00D94379 /* Sources */,
				7FDC6EC21F46E35A00D94379 /* Frameworks */,
				7FDC6EC31F46E35A00D94379 /* Resources */,
			);
			buildRules = (
			);
			dependencies = (
			);
			name = Weather_App;
			productName = Weather_App;
			productReference = 7FDC6EC51F46E35A00D94379 /* Weather_App.app */;
			productType = "com.apple.product-type.application";
		};
/* End PBXNativeTarget section */

/* Begin PBXProject section */
		7FDC6EBD1F46E35A00D94379 /* Project object */ = {
			isa = PBXProject;
			attributes = {
				LastUpgradeCheck = 0830;
				ORGANIZATIONNAME = Yrocky;
				TargetAttributes = {
					7FDC6EC41F46E35A00D94379 = {
						CreatedOnToolsVersion = 8.3.2;
						DevelopmentTeam = ZKEWNK6EPU;
						ProvisioningStyle = Automatic;
					};
				};
			};
			buildConfigurationList = 7FDC6EC01F46E35A00D94379 /* Build configuration list for PBXProject "Weather_App" */;
			compatibilityVersion = "Xcode 3.2";
			developmentRegion = English;
			hasScannedForEncodings = 0;
			knownRegions = (
				en,
				Base,
			);
			mainGroup = 7FDC6EBC1F46E35A00D94379;
			productRefGroup = 7FDC6EC61F46E35A00D94379 /* Products */;
			projectDirPath = "";
			projectRoot = "";
			targets = (
				7FDC6EC41F46E35A00D94379 /* Weather_App */,
			);
		};
/* End PBXProject section */

/* Begin PBXResourcesBuildPhase section */
		7FDC6EC31F46E35A00D94379 /* Resources */ = {
			isa = PBXResourcesBuildPhase;
			buildActionMask = 2147483647;
			files = (
				7FDC6ED81F46E35A00D94379 /* LaunchScreen.storyboard in Resources */,
				7FDC6ED51F46E35A00D94379 /* Assets.xcassets in Resources */,
				7FDC6ED31F46E35A00D94379 /* Main.storyboard in Resources */,
			);
			runOnlyForDeploymentPostprocessing = 0;
		};
/* End PBXResourcesBuildPhase section */

/* Begin PBXSourcesBuildPhase section */
		7FDC6EC11F46E35A00D94379 /* Sources */ = {
			isa = PBXSourcesBuildPhase;
			buildActionMask = 2147483647;
			files = (
				7FDC6ED01F46E35A00D94379 /* ViewController.m in Sources */,
				7FDC6ECD1F46E35A00D94379 /* AppDelegate.m in Sources */,
				7FDC6ECA1F46E35A00D94379 /* main.m in Sources */,
			);
			runOnlyForDeploymentPostprocessing = 0;
		};
/* End PBXSourcesBuildPhase section */

/* Begin PBXVariantGroup section */
		7FDC6ED11F46E35A00D94379 /* Main.storyboard */ = {
			isa = PBXVariantGroup;
			children = (
				7FDC6ED21F46E35A00D94379 /* Base */,
			);
			name = Main.storyboard;
			sourceTree = "<group>";
		};
		7FDC6ED61F46E35A00D94379 /* LaunchScreen.storyboard */ = {
			isa = PBXVariantGroup;
			children = (
				7FDC6ED71F46E35A00D94379 /* Base */,
			);
			name = LaunchScreen.storyboard;
			sourceTree = "<group>";
		};
/* End PBXVariantGroup section */

/* Begin XCBuildConfiguration section */
		7FDC6EDA1F46E35A00D94379 /* Debug */ = {
			isa = XCBuildConfiguration;
			buildSettings = {
				ALWAYS_SEARCH_USER_PATHS = NO;
				CLANG_ANALYZER_NONNULL = YES;
				CLANG_ANALYZER_NUMBER_OBJECT_CONVERSION = YES_AGGRESSIVE;
				CLANG_CXX_LANGUAGE_STANDARD = "gnu++0x";
				CLANG_CXX_LIBRARY = "libc++";
				CLANG_ENABLE_MODULES = YES;
				CLANG_ENABLE_OBJC_ARC = YES;
				CLANG_WARN_BOOL_CONVERSION = YES;
				CLANG_WARN_CONSTANT_CONVERSION = YES;
				CLANG_WARN_DIRECT_OBJC_ISA_USAGE = YES_ERROR;
				CLANG_WARN_DOCUMENTATION_COMMENTS = YES;
				CLANG_WARN_EMPTY_BODY = YES;
				CLANG_WARN_ENUM_CONVERSION = YES;
				CLANG_WARN_INFINITE_RECURSION = YES;
				CLANG_WARN_INT_CONVERSION = YES;
				CLANG_WARN_OBJC_ROOT_CLASS = YES_ERROR;
				CLANG_WARN_SUSPICIOUS_MOVE = YES;
				CLANG_WARN_UNREACHABLE_CODE = YES;
				CLANG_WARN__DUPLICATE_METHOD_MATCH = YES;
				"CODE_SIGN_IDENTITY[sdk=iphoneos*]" = "iPhone Developer";
				COPY_PHASE_STRIP = NO;
				DEBUG_INFORMATION_FORMAT = dwarf;
				ENABLE_STRICT_OBJC_MSGSEND = YES;
				ENABLE_TESTABILITY = YES;
				GCC_C_LANGUAGE_STANDARD = gnu99;
				GCC_DYNAMIC_NO_PIC = NO;
				GCC_NO_COMMON_BLOCKS = YES;
				GCC_OPTIMIZATION_LEVEL = 0;
				GCC_PREPROCESSOR_DEFINITIONS = (
					"DEBUG=1",
					"$(inherited)",
				);
				GCC_WARN_64_TO_32_BIT_CONVERSION = YES;
				GCC_WARN_ABOUT_RETURN_TYPE = YES_ERROR;
				GCC_WARN_UNDECLARED_SELECTOR = YES;
				GCC_WARN_UNINITIALIZED_AUTOS = YES_AGGRESSIVE;
				GCC_WARN_UNUSED_FUNCTION = YES;
				GCC_WARN_UNUSED_VARIABLE = YES;
				IPHONEOS_DEPLOYMENT_TARGET = 10.3;
				MTL_ENABLE_DEBUG_INFO = YES;
				ONLY_ACTIVE_ARCH = YES;
				SDKROOT = iphoneos;
				TARGETED_DEVICE_FAMILY = "1,2";
			};
			name = Debug;
		};
		7FDC6EDB1F46E35A00D94379 /* Release */ = {
			isa = XCBuildConfiguration;
			buildSettings = {
				ALWAYS_SEARCH_USER_PATHS = NO;
				CLANG_ANALYZER_NONNULL = YES;
				CLANG_ANALYZER_NUMBER_OBJECT_CONVERSION = YES_AGGRESSIVE;
				CLANG_CXX_LANGUAGE_STANDARD = "gnu++0x";
				CLANG_CXX_LIBRARY = "libc++";
				CLANG_ENABLE_MODULES = YES;
				CLANG_ENABLE_OBJC_ARC = YES;
				CLANG_WARN_BOOL_CONVERSION = YES;
				CLANG_WARN_CONSTANT_CONVERSION = YES;
				CLANG_WARN_DIRECT_OBJC_ISA_USAGE = YES_ERROR;
				CLANG_WARN_DOCUMENTATION_COMMENTS = YES;
				CLANG_WARN_EMPTY_BODY = YES;
				CLANG_WARN_ENUM_CONVERSION = YES;
				CLANG_WARN_INFINITE_RECURSION = YES;
				CLANG_WARN_INT_CONVERSION = YES;
				CLANG_WARN_OBJC_ROOT_CLASS = YES_ERROR;
				CLANG_WARN_SUSPICIOUS_MOVE = YES;
				CLANG_WARN_UNREACHABLE_CODE = YES;
				CLANG_WARN__DUPLICATE_METHOD_MATCH = YES;
				"CODE_SIGN_IDENTITY[sdk=iphoneos*]" = "iPhone Developer";
				COPY_PHASE_STRIP = NO;
				DEBUG_INFORMATION_FORMAT = "dwarf-with-dsym";
				ENABLE_NS_ASSERTIONS = NO;
				ENABLE_STRICT_OBJC_MSGSEND = YES;
				GCC_C_LANGUAGE_STANDARD = gnu99;
				GCC_NO_COMMON_BLOCKS = YES;
				GCC_WARN_64_TO_32_BIT_CONVERSION = YES;
				GCC_WARN_ABOUT_RETURN_TYPE = YES_ERROR;
				GCC_WARN_UNDECLARED_SELECTOR = YES;
				GCC_WARN_UNINITIALIZED_AUTOS = YES_AGGRESSIVE;
				GCC_WARN_UNUSED_FUNCTION = YES;
				GCC_WARN_UNUSED_VARIABLE = YES;
				IPHONEOS_DEPLOYMENT_TARGET = 10.3;
				MTL_ENABLE_DEBUG_INFO = NO;
				SDKROOT = iphoneos;
				TARGETED_DEVICE_FAMILY = "1,2";
				VALIDATE_PRODUCT = YES;
			};
			name = Release;
		};
		7FDC6EDD1F46E35A00D94379 /* Debug */ = {
			isa = XCBuildConfiguration;
			buildSettings = {
				ASSETCATALOG_COMPILER_APPICON_NAME = AppIcon;
				DEVELOPMENT_TEAM = ZKEWNK6EPU;
				INFOPLIST_FILE = Weather_App/Info.plist;
				LD_RUNPATH_SEARCH_PATHS = "$(inherited) @executable_path/Frameworks";
				PRODUCT_BUNDLE_IDENTIFIER = "com.rocky.Weather-App";
				PRODUCT_NAME = "$(TARGET_NAME)";
			};
			name = Debug;
		};
		7FDC6EDE1F46E35A00D94379 /* Release */ = {
			isa = XCBuildConfiguration;
			buildSettings = {
				ASSETCATALOG_COMPILER_APPICON_NAME = AppIcon;
				DEVELOPMENT_TEAM = ZKEWNK6EPU;
				INFOPLIST_FILE = Weather_App/Info.plist;
				LD_RUNPATH_SEARCH_PATHS = "$(inherited) @executable_path/Frameworks";
				PRODUCT_BUNDLE_IDENTIFIER = "com.rocky.Weather-App";
				PRODUCT_NAME = "$(TARGET_NAME)";
			};
			name = Release;
		};
/* End XCBuildConfiguration section */

/* Begin XCConfigurationList section */
		7FDC6EC01F46E35A00D94379 /* Build configuration list for PBXProject "Weather_App" */ = {
			isa = XCConfigurationList;
			buildConfigurations = (
				7FDC6EDA1F46E35A00D94379 /* Debug */,
				7FDC6EDB1F46E35A00D94379 /* Release */,
			);
			defaultConfigurationIsVisible = 0;
			defaultConfigurationName = Release;
		};
		7FDC6EDC1F46E35A00D94379 /* Build configuration list for PBXNativeTarget "Weather_App" */ = {
			isa = XCConfigurationList;
			buildConfigurations = (
				7FDC6EDD1F46E35A00D94379 /* Debug */,
				7FDC6EDE1F46E35A00D94379 /* Release */,
			);
			defaultConfigurationIsVisible = 0;
		};
/* End XCConfigurationList section */
	};
	rootObject = 7FDC6EBD1F46E35A00D94379 /* Project object */;
}
