// !$*UTF8*$!
{
	archiveVersion = 1;
	classes = {
	};
	objectVersion = 46;
	objects = {

/* Begin PBXBuildFile section */
		7F243E3E1FA81E7A00AE4134 /* MMGCD.m in Sources */ = {isa = PBXBuildFile; fileRef = 7F243E3D1FA81E7A00AE4134 /* MMGCD.m */; };
		7F32E0B01FA1BC70002D57FB /* HLLStickIndicator.m in Sources */ = {isa = PBXBuildFile; fileRef = 7F32E0AF1FA1BC70002D57FB /* HLLStickIndicator.m */; };
		7F32E0B41FA1CB74002D57FB /* HLLIndicatorViewController.m in Sources */ = {isa = PBXBuildFile; fileRef = 7F32E0B31FA1CB74002D57FB /* HLLIndicatorViewController.m */; };
		7F414F4B1F67866200EC8E86 /* MMGiftEffectViewController.m in Sources */ = {isa = PBXBuildFile; fileRef = 7F414F4A1F67866200EC8E86 /* MMGiftEffectViewController.m */; };
		7F414F4E1F67871A00EC8E86 /* MMGiftEffectOperationMgr.m in Sources */ = {isa = PBXBuildFile; fileRef = 7F414F4D1F67871A00EC8E86 /* MMGiftEffectOperationMgr.m */; };
		7F590D791FA9A5D4006F7BF0 /* Info.plist in Resources */ = {isa = PBXBuildFile; fileRef = 7F590D691FA9A5D4006F7BF0 /* Info.plist */; };
		7F590D7A1FA9A5D4006F7BF0 /* STPopupController.m in Sources */ = {isa = PBXBuildFile; fileRef = 7F590D6C1FA9A5D4006F7BF0 /* STPopupController.m */; };
		7F590D7B1FA9A5D4006F7BF0 /* STPopupControllerTransitioningFade.m in Sources */ = {isa = PBXBuildFile; fileRef = 7F590D6E1FA9A5D4006F7BF0 /* STPopupControllerTransitioningFade.m */; };
		7F590D7C1FA9A5D4006F7BF0 /* STPopupControllerTransitioningSlideVertical.m in Sources */ = {isa = PBXBuildFile; fileRef = 7F590D701FA9A5D4006F7BF0 /* STPopupControllerTransitioningSlideVertical.m */; };
		7F590D7D1FA9A5D4006F7BF0 /* STPopupLeftBarItem.m in Sources */ = {isa = PBXBuildFile; fileRef = 7F590D721FA9A5D4006F7BF0 /* STPopupLeftBarItem.m */; };
		7F590D7E1FA9A5D4006F7BF0 /* STPopupNavigationBar.m in Sources */ = {isa = PBXBuildFile; fileRef = 7F590D741FA9A5D4006F7BF0 /* STPopupNavigationBar.m */; };
		7F590D7F1FA9A5D4006F7BF0 /* UIResponder+STPopup.m in Sources */ = {isa = PBXBuildFile; fileRef = 7F590D761FA9A5D4006F7BF0 /* UIResponder+STPopup.m */; };
		7F590D801FA9A5D4006F7BF0 /* UIViewController+STPopup.m in Sources */ = {isa = PBXBuildFile; fileRef = 7F590D781FA9A5D4006F7BF0 /* UIViewController+STPopup.m */; };
		7F8B6C021F95ECBC00F3A6E3 /* MMSearchViewController.m in Sources */ = {isa = PBXBuildFile; fileRef = 7F8B6C011F95ECBB00F3A6E3 /* MMSearchViewController.m */; };
		7F8B6C071F95ED6F00F3A6E3 /* MMSearchDefaultCollectionView.m in Sources */ = {isa = PBXBuildFile; fileRef = 7F8B6C031F95ED6D00F3A6E3 /* MMSearchDefaultCollectionView.m */; };
		7F8B6C081F95ED6F00F3A6E3 /* MMSearchReusableView.m in Sources */ = {isa = PBXBuildFile; fileRef = 7F8B6C051F95ED6E00F3A6E3 /* MMSearchReusableView.m */; };
		7F91F7C91F62991400B20D76 /* MMGiftContainerView.m in Sources */ = {isa = PBXBuildFile; fileRef = 7F91F7C81F62991400B20D76 /* MMGiftContainerView.m */; };
		7F94A34B1F55120D00DA28EA /* NSArray+Sugar.m in Sources */ = {isa = PBXBuildFile; fileRef = 7F94A34A1F55120D00DA28EA /* NSArray+Sugar.m */; };
		7F9CED371F57F31C00A64EB5 /* UIView+AutoLayoutSupport.m in Sources */ = {isa = PBXBuildFile; fileRef = 7F9CED361F57F31C00A64EB5 /* UIView+AutoLayoutSupport.m */; };
		7F9CED3B1F5CEAA000A64EB5 /* MMRunwayCoreView.m in Sources */ = {isa = PBXBuildFile; fileRef = 7F9CED3A1F5CEAA000A64EB5 /* MMRunwayCoreView.m */; };
		7F9CED3E1F5D1F9D00A64EB5 /* MMRunwayProContentView.m in Sources */ = {isa = PBXBuildFile; fileRef = 7F9CED3D1F5D1F9D00A64EB5 /* MMRunwayProContentView.m */; };
		7FBC5FB71F97454C00DCF3E9 /* ANYMethodLog.m in Sources */ = {isa = PBXBuildFile; fileRef = 7FBC5FB61F97454B00DCF3E9 /* ANYMethodLog.m */; };
		7FBCF0BE1F4D269100E2EEC7 /* HLLSegmentView.m in Sources */ = {isa = PBXBuildFile; fileRef = 7FBCF0BD1F4D269100E2EEC7 /* HLLSegmentView.m */; };
		7FBCF0C41F4E776B00E2EEC7 /* HLLCircularLoaderView.m in Sources */ = {isa = PBXBuildFile; fileRef = 7FBCF0C31F4E776B00E2EEC7 /* HLLCircularLoaderView.m */; };
		7FBCF0CA1F4EE12200E2EEC7 /* HLLAttributedBuilder.m in Sources */ = {isa = PBXBuildFile; fileRef = 7FBCF0C91F4EE12200E2EEC7 /* HLLAttributedBuilder.m */; };
		7FCF75021F8B1DC100514597 /* HLLAlert.m in Sources */ = {isa = PBXBuildFile; fileRef = 7FCF75001F8B1DC000514597 /* HLLAlert.m */; };
		7FCF75061F8B1EAD00514597 /* TableDemoViewController.m in Sources */ = {isa = PBXBuildFile; fileRef = 7FCF75051F8B1EAD00514597 /* TableDemoViewController.m */; };
		7FD8CC261F984A3F005DC9FF /* HLLPlaceholderTextView.m in Sources */ = {isa = PBXBuildFile; fileRef = 7FD8CC251F984A3F005DC9FF /* HLLPlaceholderTextView.m */; };
		7FD8CC291F984A8D005DC9FF /* UILabel+ContentSize.m in Sources */ = {isa = PBXBuildFile; fileRef = 7FD8CC281F984A8D005DC9FF /* UILabel+ContentSize.m */; };
		7FD8CC351F98A995005DC9FF /* NSObject+CodableProperties.m in Sources */ = {isa = PBXBuildFile; fileRef = 7FD8CC341F98A995005DC9FF /* NSObject+CodableProperties.m */; };
		7FDC6ECA1F46E35A00D94379 /* main.m in Sources */ = {isa = PBXBuildFile; fileRef = 7FDC6EC91F46E35A00D94379 /* main.m */; };
		7FDC6ECD1F46E35A00D94379 /* AppDelegate.m in Sources */ = {isa = PBXBuildFile; fileRef = 7FDC6ECC1F46E35A00D94379 /* AppDelegate.m */; };
		7FDC6ED01F46E35A00D94379 /* ViewController.m in Sources */ = {isa = PBXBuildFile; fileRef = 7FDC6ECF1F46E35A00D94379 /* ViewController.m */; };
		7FDC6ED31F46E35A00D94379 /* Main.storyboard in Resources */ = {isa = PBXBuildFile; fileRef = 7FDC6ED11F46E35A00D94379 /* Main.storyboard */; };
		7FDC6ED51F46E35A00D94379 /* Assets.xcassets in Resources */ = {isa = PBXBuildFile; fileRef = 7FDC6ED41F46E35A00D94379 /* Assets.xcassets */; };
		7FDC6ED81F46E35A00D94379 /* LaunchScreen.storyboard in Resources */ = {isa = PBXBuildFile; fileRef = 7FDC6ED61F46E35A00D94379 /* LaunchScreen.storyboard */; };
		7FDC6EE11F46E38800D94379 /* HLLWaveView.m in Sources */ = {isa = PBXBuildFile; fileRef = 7FDC6EE01F46E38800D94379 /* HLLWaveView.m */; };
		7FED6BA61F5557F0004E3345 /* TableViewDataSource.m in Sources */ = {isa = PBXBuildFile; fileRef = 7FED6BA51F5557F0004E3345 /* TableViewDataSource.m */; };
		D7008DDC1FB180B500BD6EA0 /* MMNavigationController.m in Sources */ = {isa = PBXBuildFile; fileRef = D7008DDB1FB180B500BD6EA0 /* MMNavigationController.m */; };
		D70629021F8B132E00F52FCB /* NSUserDefaults+MM_Common.m in Sources */ = {isa = PBXBuildFile; fileRef = D70629011F8B132E00F52FCB /* NSUserDefaults+MM_Common.m */; };
		D70629061F8B143D00F52FCB /* MMPickerView.m in Sources */ = {isa = PBXBuildFile; fileRef = D70629051F8B143D00F52FCB /* MMPickerView.m */; };
		D70629391F8B185100F52FCB /* MMAssetsCellModel.m in Sources */ = {isa = PBXBuildFile; fileRef = D706290C1F8B185100F52FCB /* MMAssetsCellModel.m */; };
		D706293A1F8B185100F52FCB /* HSSetTableViewMainController.m in Sources */ = {isa = PBXBuildFile; fileRef = D706290E1F8B185100F52FCB /* HSSetTableViewMainController.m */; };
		D706293B1F8B185100F52FCB /* HSBaseCellModel.m in Sources */ = {isa = PBXBuildFile; fileRef = D70629121F8B185100F52FCB /* HSBaseCellModel.m */; };
		D706293C1F8B185100F52FCB /* HSCustomCellModel.m in Sources */ = {isa = PBXBuildFile; fileRef = D70629141F8B185100F52FCB /* HSCustomCellModel.m */; };
		D706293D1F8B185100F52FCB /* HSImageCellModel.m in Sources */ = {isa = PBXBuildFile; fileRef = D70629161F8B185100F52FCB /* HSImageCellModel.m */; };
		D706293E1F8B185100F52FCB /* HSInputCellModel.m in Sources */ = {isa = PBXBuildFile; fileRef = D70629181F8B185100F52FCB /* HSInputCellModel.m */; };
		D706293F1F8B185100F52FCB /* HSSwitchCellModel.m in Sources */ = {isa = PBXBuildFile; fileRef = D706291A1F8B185100F52FCB /* HSSwitchCellModel.m */; };
		D70629401F8B185100F52FCB /* HSTextCellModel.m in Sources */ = {isa = PBXBuildFile; fileRef = D706291C1F8B185100F52FCB /* HSTextCellModel.m */; };
		D70629411F8B185100F52FCB /* HSTitleCellModel.m in Sources */ = {isa = PBXBuildFile; fileRef = D706291E1F8B185100F52FCB /* HSTitleCellModel.m */; };
		D70629421F8B185100F52FCB /* HSSectionModel.m in Sources */ = {isa = PBXBuildFile; fileRef = D70629211F8B185100F52FCB /* HSSectionModel.m */; };
		D70629431F8B185100F52FCB /* HSTableViewModel.m in Sources */ = {isa = PBXBuildFile; fileRef = D70629241F8B185100F52FCB /* HSTableViewModel.m */; };
		D70629451F8B185100F52FCB /* HSSetTableViewControllerConst.m in Sources */ = {isa = PBXBuildFile; fileRef = D70629291F8B185100F52FCB /* HSSetTableViewControllerConst.m */; };
		D70629461F8B185100F52FCB /* HSBaseTableViewCell.m in Sources */ = {isa = PBXBuildFile; fileRef = D706292C1F8B185100F52FCB /* HSBaseTableViewCell.m */; };
		D70629471F8B185100F52FCB /* HSCustomTableViewCell.m in Sources */ = {isa = PBXBuildFile; fileRef = D706292E1F8B185100F52FCB /* HSCustomTableViewCell.m */; };
		D70629481F8B185100F52FCB /* HSImageTableViewCell.m in Sources */ = {isa = PBXBuildFile; fileRef = D70629301F8B185100F52FCB /* HSImageTableViewCell.m */; };
		D70629491F8B185100F52FCB /* HSInputTableViewCell.m in Sources */ = {isa = PBXBuildFile; fileRef = D70629321F8B185100F52FCB /* HSInputTableViewCell.m */; };
		D706294A1F8B185100F52FCB /* HSSwitchTableViewCell.m in Sources */ = {isa = PBXBuildFile; fileRef = D70629341F8B185100F52FCB /* HSSwitchTableViewCell.m */; };
		D706294B1F8B185100F52FCB /* HSTextTableViewCell.m in Sources */ = {isa = PBXBuildFile; fileRef = D70629361F8B185100F52FCB /* HSTextTableViewCell.m */; };
		D706294C1F8B185100F52FCB /* HSTitleTableViewCell.m in Sources */ = {isa = PBXBuildFile; fileRef = D70629381F8B185100F52FCB /* HSTitleTableViewCell.m */; };
		D706294F1F8B189C00F52FCB /* UIColor+Common.m in Sources */ = {isa = PBXBuildFile; fileRef = D706294E1F8B189C00F52FCB /* UIColor+Common.m */; };
		D70629521F8B18F300F52FCB /* NSString+Exten.m in Sources */ = {isa = PBXBuildFile; fileRef = D70629511F8B18F300F52FCB /* NSString+Exten.m */; };
		D70629551F8B191C00F52FCB /* UIView+MHCommon.m in Sources */ = {isa = PBXBuildFile; fileRef = D70629531F8B191B00F52FCB /* UIView+MHCommon.m */; };
		D70629581F8B19AF00F52FCB /* RootViewController.m in Sources */ = {isa = PBXBuildFile; fileRef = D70629571F8B19AF00F52FCB /* RootViewController.m */; };
		D706295C1F8B860B00F52FCB /* PCCustomView.m in Sources */ = {isa = PBXBuildFile; fileRef = D706295B1F8B860B00F52FCB /* PCCustomView.m */; };
		D70F5DD71FA74B26007FBD43 /* UIView+Glow.m in Sources */ = {isa = PBXBuildFile; fileRef = D70F5DD61FA74B25007FBD43 /* UIView+Glow.m */; };
		D70F5DDA1FA74BCB007FBD43 /* FDCustomView.m in Sources */ = {isa = PBXBuildFile; fileRef = D70F5DD91FA74BCB007FBD43 /* FDCustomView.m */; };
		D70F5DDD1FA74FFB007FBD43 /* FDCollectionView.m in Sources */ = {isa = PBXBuildFile; fileRef = D70F5DDC1FA74FFB007FBD43 /* FDCollectionView.m */; };
		D70F5DE01FA81D02007FBD43 /* FDPresentingAnimator.m in Sources */ = {isa = PBXBuildFile; fileRef = D70F5DDF1FA81D02007FBD43 /* FDPresentingAnimator.m */; };
		D70F5DE31FA81D69007FBD43 /* FDDismissingAnimator.m in Sources */ = {isa = PBXBuildFile; fileRef = D70F5DE21FA81D69007FBD43 /* FDDismissingAnimator.m */; };
		D70F5DEA1FA81EED007FBD43 /* Easing.c in Sources */ = {isa = PBXBuildFile; fileRef = D70F5DE61FA81EED007FBD43 /* Easing.c */; };
		D70F5DEB1FA81EED007FBD43 /* YXEasing.m in Sources */ = {isa = PBXBuildFile; fileRef = D70F5DE91FA81EED007FBD43 /* YXEasing.m */; };
		D715E6A01FA627D500CFBFF4 /* FDViewController.m in Sources */ = {isa = PBXBuildFile; fileRef = D715E69F1FA627D500CFBFF4 /* FDViewController.m */; };
		D715E6A31FA64ECF00CFBFF4 /* FDContentView.m in Sources */ = {isa = PBXBuildFile; fileRef = D715E6A21FA64ECF00CFBFF4 /* FDContentView.m */; };
		D715E6A61FA7152100CFBFF4 /* CLTStickyLayout.m in Sources */ = {isa = PBXBuildFile; fileRef = D715E6A51FA7152000CFBFF4 /* CLTStickyLayout.m */; };
		D719742F1F6EFEDA0068F971 /* MM_AutoReplyViewController.m in Sources */ = {isa = PBXBuildFile; fileRef = D719742E1F6EFEDA0068F971 /* MM_AutoReplyViewController.m */; };
		D71974321F6EFEFC0068F971 /* MM_AutoReplyEditViewController.m in Sources */ = {isa = PBXBuildFile; fileRef = D71974311F6EFEFC0068F971 /* MM_AutoReplyEditViewController.m */; };
		D7A595B81FAAC156000C59FE /* CreatePDFViewController.m in Sources */ = {isa = PBXBuildFile; fileRef = D7A595B71FAAC156000C59FE /* CreatePDFViewController.m */; };
		D7A595BB1FAAC743000C59FE /* FDHTMLRenderComposer.m in Sources */ = {isa = PBXBuildFile; fileRef = D7A595BA1FAAC743000C59FE /* FDHTMLRenderComposer.m */; };
		D7A595BF1FAACFED000C59FE /* rootTemplate.html in Resources */ = {isa = PBXBuildFile; fileRef = D7A595BD1FAACFED000C59FE /* rootTemplate.html */; };
		D7A595C01FAACFED000C59FE /* singleItemTemplate.html in Resources */ = {isa = PBXBuildFile; fileRef = D7A595BE1FAACFED000C59FE /* singleItemTemplate.html */; };
		D7A73E1D1FAC16E800818CF5 /* MarkdownRenderHTMLViewController.m in Sources */ = {isa = PBXBuildFile; fileRef = D7A73E1C1FAC16E800818CF5 /* MarkdownRenderHTMLViewController.m */; };
		D7A73E201FB04B2B00818CF5 /* MM_FindFriendEntryViewController.m in Sources */ = {isa = PBXBuildFile; fileRef = D7A73E1F1FB04B2B00818CF5 /* MM_FindFriendEntryViewController.m */; };
		D7A73E231FB04F4800818CF5 /* MM_FindFriendEntryItemView.m in Sources */ = {isa = PBXBuildFile; fileRef = D7A73E221FB04F4800818CF5 /* MM_FindFriendEntryItemView.m */; };
		D7DE014E1F98C1EF008682DE /* NSInvocation+AHKAdditions.m in Sources */ = {isa = PBXBuildFile; fileRef = D7DE014B1F98C1EF008682DE /* NSInvocation+AHKAdditions.m */; };
		D7DE014F1F98C1EF008682DE /* NSObject+AHKBuilder.m in Sources */ = {isa = PBXBuildFile; fileRef = D7DE014D1F98C1EF008682DE /* NSObject+AHKBuilder.m */; };
		D7DF33541F6AC9E400771928 /* MMPreviewHUD.m in Sources */ = {isa = PBXBuildFile; fileRef = D7DF33531F6AC9E400771928 /* MMPreviewHUD.m */; };
		E3CDC4C9DF28E252C8F70DC9 /* libPods-Weather_App.a in Frameworks */ = {isa = PBXBuildFile; fileRef = AC63F9F5AB2BDDA29691841E /* libPods-Weather_App.a */; };
/* End PBXBuildFile section */

/* Begin PBXFileReference section */
		7F243E3C1FA81E7A00AE4134 /* MMGCD.h */ = {isa = PBXFileReference; lastKnownFileType = sourcecode.c.h; path = MMGCD.h; sourceTree = "<group>"; };
		7F243E3D1FA81E7A00AE4134 /* MMGCD.m */ = {isa = PBXFileReference; lastKnownFileType = sourcecode.c.objc; path = MMGCD.m; sourceTree = "<group>"; };
		7F32E0AE1FA1BC70002D57FB /* HLLStickIndicator.h */ = {isa = PBXFileReference; lastKnownFileType = sourcecode.c.h; path = HLLStickIndicator.h; sourceTree = "<group>"; };
		7F32E0AF1FA1BC70002D57FB /* HLLStickIndicator.m */ = {isa = PBXFileReference; lastKnownFileType = sourcecode.c.objc; path = HLLStickIndicator.m; sourceTree = "<group>"; };
		7F32E0B21FA1CB74002D57FB /* HLLIndicatorViewController.h */ = {isa = PBXFileReference; lastKnownFileType = sourcecode.c.h; path = HLLIndicatorViewController.h; sourceTree = "<group>"; };
		7F32E0B31FA1CB74002D57FB /* HLLIndicatorViewController.m */ = {isa = PBXFileReference; lastKnownFileType = sourcecode.c.objc; path = HLLIndicatorViewController.m; sourceTree = "<group>"; };
		7F414F491F67866200EC8E86 /* MMGiftEffectViewController.h */ = {isa = PBXFileReference; fileEncoding = 4; lastKnownFileType = sourcecode.c.h; path = MMGiftEffectViewController.h; sourceTree = "<group>"; };
		7F414F4A1F67866200EC8E86 /* MMGiftEffectViewController.m */ = {isa = PBXFileReference; fileEncoding = 4; lastKnownFileType = sourcecode.c.objc; path = MMGiftEffectViewController.m; sourceTree = "<group>"; };
		7F414F4C1F67871A00EC8E86 /* MMGiftEffectOperationMgr.h */ = {isa = PBXFileReference; fileEncoding = 4; lastKnownFileType = sourcecode.c.h; path = MMGiftEffectOperationMgr.h; sourceTree = "<group>"; };
		7F414F4D1F67871A00EC8E86 /* MMGiftEffectOperationMgr.m */ = {isa = PBXFileReference; fileEncoding = 4; lastKnownFileType = sourcecode.c.objc; path = MMGiftEffectOperationMgr.m; sourceTree = "<group>"; };
		7F590D691FA9A5D4006F7BF0 /* Info.plist */ = {isa = PBXFileReference; fileEncoding = 4; lastKnownFileType = text.plist.xml; path = Info.plist; sourceTree = "<group>"; };
		7F590D6A1FA9A5D4006F7BF0 /* STPopup.h */ = {isa = PBXFileReference; fileEncoding = 4; lastKnownFileType = sourcecode.c.h; path = STPopup.h; sourceTree = "<group>"; };
		7F590D6B1FA9A5D4006F7BF0 /* STPopupController.h */ = {isa = PBXFileReference; fileEncoding = 4; lastKnownFileType = sourcecode.c.h; path = STPopupController.h; sourceTree = "<group>"; };
		7F590D6C1FA9A5D4006F7BF0 /* STPopupController.m */ = {isa = PBXFileReference; fileEncoding = 4; lastKnownFileType = sourcecode.c.objc; path = STPopupController.m; sourceTree = "<group>"; };
		7F590D6D1FA9A5D4006F7BF0 /* STPopupControllerTransitioningFade.h */ = {isa = PBXFileReference; fileEncoding = 4; lastKnownFileType = sourcecode.c.h; path = STPopupControllerTransitioningFade.h; sourceTree = "<group>"; };
		7F590D6E1FA9A5D4006F7BF0 /* STPopupControllerTransitioningFade.m */ = {isa = PBXFileReference; fileEncoding = 4; lastKnownFileType = sourcecode.c.objc; path = STPopupControllerTransitioningFade.m; sourceTree = "<group>"; };
		7F590D6F1FA9A5D4006F7BF0 /* STPopupControllerTransitioningSlideVertical.h */ = {isa = PBXFileReference; fileEncoding = 4; lastKnownFileType = sourcecode.c.h; path = STPopupControllerTransitioningSlideVertical.h; sourceTree = "<group>"; };
		7F590D701FA9A5D4006F7BF0 /* STPopupControllerTransitioningSlideVertical.m */ = {isa = PBXFileReference; fileEncoding = 4; lastKnownFileType = sourcecode.c.objc; path = STPopupControllerTransitioningSlideVertical.m; sourceTree = "<group>"; };
		7F590D711FA9A5D4006F7BF0 /* STPopupLeftBarItem.h */ = {isa = PBXFileReference; fileEncoding = 4; lastKnownFileType = sourcecode.c.h; path = STPopupLeftBarItem.h; sourceTree = "<group>"; };
		7F590D721FA9A5D4006F7BF0 /* STPopupLeftBarItem.m */ = {isa = PBXFileReference; fileEncoding = 4; lastKnownFileType = sourcecode.c.objc; path = STPopupLeftBarItem.m; sourceTree = "<group>"; };
		7F590D731FA9A5D4006F7BF0 /* STPopupNavigationBar.h */ = {isa = PBXFileReference; fileEncoding = 4; lastKnownFileType = sourcecode.c.h; path = STPopupNavigationBar.h; sourceTree = "<group>"; };
		7F590D741FA9A5D4006F7BF0 /* STPopupNavigationBar.m */ = {isa = PBXFileReference; fileEncoding = 4; lastKnownFileType = sourcecode.c.objc; path = STPopupNavigationBar.m; sourceTree = "<group>"; };
		7F590D751FA9A5D4006F7BF0 /* UIResponder+STPopup.h */ = {isa = PBXFileReference; fileEncoding = 4; lastKnownFileType = sourcecode.c.h; path = "UIResponder+STPopup.h"; sourceTree = "<group>"; };
		7F590D761FA9A5D4006F7BF0 /* UIResponder+STPopup.m */ = {isa = PBXFileReference; fileEncoding = 4; lastKnownFileType = sourcecode.c.objc; path = "UIResponder+STPopup.m"; sourceTree = "<group>"; };
		7F590D771FA9A5D4006F7BF0 /* UIViewController+STPopup.h */ = {isa = PBXFileReference; fileEncoding = 4; lastKnownFileType = sourcecode.c.h; path = "UIViewController+STPopup.h"; sourceTree = "<group>"; };
		7F590D781FA9A5D4006F7BF0 /* UIViewController+STPopup.m */ = {isa = PBXFileReference; fileEncoding = 4; lastKnownFileType = sourcecode.c.objc; path = "UIViewController+STPopup.m"; sourceTree = "<group>"; };
		7F8B6C001F95ECBB00F3A6E3 /* MMSearchViewController.h */ = {isa = PBXFileReference; lastKnownFileType = sourcecode.c.h; path = MMSearchViewController.h; sourceTree = "<group>"; };
		7F8B6C011F95ECBB00F3A6E3 /* MMSearchViewController.m */ = {isa = PBXFileReference; lastKnownFileType = sourcecode.c.objc; path = MMSearchViewController.m; sourceTree = "<group>"; };
		7F8B6C031F95ED6D00F3A6E3 /* MMSearchDefaultCollectionView.m */ = {isa = PBXFileReference; lastKnownFileType = sourcecode.c.objc; path = MMSearchDefaultCollectionView.m; sourceTree = "<group>"; };
		7F8B6C041F95ED6E00F3A6E3 /* MMSearchDefaultCollectionView.h */ = {isa = PBXFileReference; lastKnownFileType = sourcecode.c.h; path = MMSearchDefaultCollectionView.h; sourceTree = "<group>"; };
		7F8B6C051F95ED6E00F3A6E3 /* MMSearchReusableView.m */ = {isa = PBXFileReference; lastKnownFileType = sourcecode.c.objc; path = MMSearchReusableView.m; sourceTree = "<group>"; };
		7F8B6C061F95ED6E00F3A6E3 /* MMSearchReusableView.h */ = {isa = PBXFileReference; lastKnownFileType = sourcecode.c.h; path = MMSearchReusableView.h; sourceTree = "<group>"; };
		7F91F7C71F62991400B20D76 /* MMGiftContainerView.h */ = {isa = PBXFileReference; fileEncoding = 4; lastKnownFileType = sourcecode.c.h; path = MMGiftContainerView.h; sourceTree = "<group>"; };
		7F91F7C81F62991400B20D76 /* MMGiftContainerView.m */ = {isa = PBXFileReference; fileEncoding = 4; lastKnownFileType = sourcecode.c.objc; path = MMGiftContainerView.m; sourceTree = "<group>"; };
		7F94A3491F55120D00DA28EA /* NSArray+Sugar.h */ = {isa = PBXFileReference; fileEncoding = 4; lastKnownFileType = sourcecode.c.h; path = "NSArray+Sugar.h"; sourceTree = "<group>"; };
		7F94A34A1F55120D00DA28EA /* NSArray+Sugar.m */ = {isa = PBXFileReference; fileEncoding = 4; lastKnownFileType = sourcecode.c.objc; path = "NSArray+Sugar.m"; sourceTree = "<group>"; };
		7F94A34E1F5519D800DA28EA /* XCTest.framework */ = {isa = PBXFileReference; lastKnownFileType = wrapper.framework; name = XCTest.framework; path = Platforms/iPhoneOS.platform/Developer/Library/Frameworks/XCTest.framework; sourceTree = DEVELOPER_DIR; };
		7F9CED351F57F31C00A64EB5 /* UIView+AutoLayoutSupport.h */ = {isa = PBXFileReference; fileEncoding = 4; lastKnownFileType = sourcecode.c.h; path = "UIView+AutoLayoutSupport.h"; sourceTree = "<group>"; };
		7F9CED361F57F31C00A64EB5 /* UIView+AutoLayoutSupport.m */ = {isa = PBXFileReference; fileEncoding = 4; lastKnownFileType = sourcecode.c.objc; path = "UIView+AutoLayoutSupport.m"; sourceTree = "<group>"; };
		7F9CED391F5CEAA000A64EB5 /* MMRunwayCoreView.h */ = {isa = PBXFileReference; fileEncoding = 4; lastKnownFileType = sourcecode.c.h; path = MMRunwayCoreView.h; sourceTree = "<group>"; };
		7F9CED3A1F5CEAA000A64EB5 /* MMRunwayCoreView.m */ = {isa = PBXFileReference; fileEncoding = 4; lastKnownFileType = sourcecode.c.objc; path = MMRunwayCoreView.m; sourceTree = "<group>"; };
		7F9CED3C1F5D1F9D00A64EB5 /* MMRunwayProContentView.h */ = {isa = PBXFileReference; fileEncoding = 4; lastKnownFileType = sourcecode.c.h; path = MMRunwayProContentView.h; sourceTree = "<group>"; };
		7F9CED3D1F5D1F9D00A64EB5 /* MMRunwayProContentView.m */ = {isa = PBXFileReference; fileEncoding = 4; lastKnownFileType = sourcecode.c.objc; path = MMRunwayProContentView.m; sourceTree = "<group>"; };
		7FBC5FB51F97454B00DCF3E9 /* ANYMethodLog.h */ = {isa = PBXFileReference; fileEncoding = 4; lastKnownFileType = sourcecode.c.h; path = ANYMethodLog.h; sourceTree = "<group>"; };
		7FBC5FB61F97454B00DCF3E9 /* ANYMethodLog.m */ = {isa = PBXFileReference; fileEncoding = 4; lastKnownFileType = sourcecode.c.objc; path = ANYMethodLog.m; sourceTree = "<group>"; };
		7FBCF0BC1F4D269100E2EEC7 /* HLLSegmentView.h */ = {isa = PBXFileReference; fileEncoding = 4; lastKnownFileType = sourcecode.c.h; path = HLLSegmentView.h; sourceTree = "<group>"; };
		7FBCF0BD1F4D269100E2EEC7 /* HLLSegmentView.m */ = {isa = PBXFileReference; fileEncoding = 4; lastKnownFileType = sourcecode.c.objc; path = HLLSegmentView.m; sourceTree = "<group>"; };
		7FBCF0C21F4E776B00E2EEC7 /* HLLCircularLoaderView.h */ = {isa = PBXFileReference; fileEncoding = 4; lastKnownFileType = sourcecode.c.h; path = HLLCircularLoaderView.h; sourceTree = "<group>"; };
		7FBCF0C31F4E776B00E2EEC7 /* HLLCircularLoaderView.m */ = {isa = PBXFileReference; fileEncoding = 4; lastKnownFileType = sourcecode.c.objc; path = HLLCircularLoaderView.m; sourceTree = "<group>"; };
		7FBCF0C81F4EE12200E2EEC7 /* HLLAttributedBuilder.h */ = {isa = PBXFileReference; fileEncoding = 4; lastKnownFileType = sourcecode.c.h; path = HLLAttributedBuilder.h; sourceTree = "<group>"; };
		7FBCF0C91F4EE12200E2EEC7 /* HLLAttributedBuilder.m */ = {isa = PBXFileReference; fileEncoding = 4; lastKnownFileType = sourcecode.c.objc; path = HLLAttributedBuilder.m; sourceTree = "<group>"; };
		7FBCF1281F540CDC00E2EEC7 /* Weather_App-Bridging-Header.h */ = {isa = PBXFileReference; lastKnownFileType = sourcecode.c.h; path = "Weather_App-Bridging-Header.h"; sourceTree = "<group>"; };
		7FCF75001F8B1DC000514597 /* HLLAlert.m */ = {isa = PBXFileReference; fileEncoding = 4; lastKnownFileType = sourcecode.c.objc; path = HLLAlert.m; sourceTree = "<group>"; };
		7FCF75011F8B1DC100514597 /* HLLAlert.h */ = {isa = PBXFileReference; fileEncoding = 4; lastKnownFileType = sourcecode.c.h; path = HLLAlert.h; sourceTree = "<group>"; };
		7FCF75041F8B1EAD00514597 /* TableDemoViewController.h */ = {isa = PBXFileReference; lastKnownFileType = sourcecode.c.h; path = TableDemoViewController.h; sourceTree = "<group>"; };
		7FCF75051F8B1EAD00514597 /* TableDemoViewController.m */ = {isa = PBXFileReference; lastKnownFileType = sourcecode.c.objc; path = TableDemoViewController.m; sourceTree = "<group>"; };
		7FD8CC241F984A3E005DC9FF /* HLLPlaceholderTextView.h */ = {isa = PBXFileReference; fileEncoding = 4; lastKnownFileType = sourcecode.c.h; path = HLLPlaceholderTextView.h; sourceTree = "<group>"; };
		7FD8CC251F984A3F005DC9FF /* HLLPlaceholderTextView.m */ = {isa = PBXFileReference; fileEncoding = 4; lastKnownFileType = sourcecode.c.objc; path = HLLPlaceholderTextView.m; sourceTree = "<group>"; };
		7FD8CC271F984A8D005DC9FF /* UILabel+ContentSize.h */ = {isa = PBXFileReference; lastKnownFileType = sourcecode.c.h; path = "UILabel+ContentSize.h"; sourceTree = "<group>"; };
		7FD8CC281F984A8D005DC9FF /* UILabel+ContentSize.m */ = {isa = PBXFileReference; lastKnownFileType = sourcecode.c.objc; path = "UILabel+ContentSize.m"; sourceTree = "<group>"; };
		7FD8CC331F98A995005DC9FF /* NSObject+CodableProperties.h */ = {isa = PBXFileReference; lastKnownFileType = sourcecode.c.h; path = "NSObject+CodableProperties.h"; sourceTree = "<group>"; };
		7FD8CC341F98A995005DC9FF /* NSObject+CodableProperties.m */ = {isa = PBXFileReference; lastKnownFileType = sourcecode.c.objc; path = "NSObject+CodableProperties.m"; sourceTree = "<group>"; };
		7FDC6EC51F46E35A00D94379 /* Weather_App.app */ = {isa = PBXFileReference; explicitFileType = wrapper.application; includeInIndex = 0; path = Weather_App.app; sourceTree = BUILT_PRODUCTS_DIR; };
		7FDC6EC91F46E35A00D94379 /* main.m */ = {isa = PBXFileReference; lastKnownFileType = sourcecode.c.objc; path = main.m; sourceTree = "<group>"; };
		7FDC6ECB1F46E35A00D94379 /* AppDelegate.h */ = {isa = PBXFileReference; lastKnownFileType = sourcecode.c.h; path = AppDelegate.h; sourceTree = "<group>"; };
		7FDC6ECC1F46E35A00D94379 /* AppDelegate.m */ = {isa = PBXFileReference; lastKnownFileType = sourcecode.c.objc; path = AppDelegate.m; sourceTree = "<group>"; };
		7FDC6ECE1F46E35A00D94379 /* ViewController.h */ = {isa = PBXFileReference; lastKnownFileType = sourcecode.c.h; path = ViewController.h; sourceTree = "<group>"; };
		7FDC6ECF1F46E35A00D94379 /* ViewController.m */ = {isa = PBXFileReference; lastKnownFileType = sourcecode.c.objc; path = ViewController.m; sourceTree = "<group>"; };
		7FDC6ED21F46E35A00D94379 /* Base */ = {isa = PBXFileReference; lastKnownFileType = file.storyboard; name = Base; path = Base.lproj/Main.storyboard; sourceTree = "<group>"; };
		7FDC6ED41F46E35A00D94379 /* Assets.xcassets */ = {isa = PBXFileReference; lastKnownFileType = folder.assetcatalog; path = Assets.xcassets; sourceTree = "<group>"; };
		7FDC6ED71F46E35A00D94379 /* Base */ = {isa = PBXFileReference; lastKnownFileType = file.storyboard; name = Base; path = Base.lproj/LaunchScreen.storyboard; sourceTree = "<group>"; };
		7FDC6ED91F46E35A00D94379 /* Info.plist */ = {isa = PBXFileReference; lastKnownFileType = text.plist.xml; path = Info.plist; sourceTree = "<group>"; };
		7FDC6EDF1F46E38800D94379 /* HLLWaveView.h */ = {isa = PBXFileReference; fileEncoding = 4; lastKnownFileType = sourcecode.c.h; path = HLLWaveView.h; sourceTree = "<group>"; };
		7FDC6EE01F46E38800D94379 /* HLLWaveView.m */ = {isa = PBXFileReference; fileEncoding = 4; lastKnownFileType = sourcecode.c.objc; path = HLLWaveView.m; sourceTree = "<group>"; };
		7FED6B9E1F555184004E3345 /* DataSourceProtocol.h */ = {isa = PBXFileReference; fileEncoding = 4; lastKnownFileType = sourcecode.c.h; path = DataSourceProtocol.h; sourceTree = "<group>"; };
		7FED6BA41F5557F0004E3345 /* TableViewDataSource.h */ = {isa = PBXFileReference; fileEncoding = 4; lastKnownFileType = sourcecode.c.h; path = TableViewDataSource.h; sourceTree = "<group>"; };
		7FED6BA51F5557F0004E3345 /* TableViewDataSource.m */ = {isa = PBXFileReference; fileEncoding = 4; lastKnownFileType = sourcecode.c.objc; path = TableViewDataSource.m; sourceTree = "<group>"; };
		8B9A4BC81A12BABD40DE994D /* Pods-Weather_App.debug.xcconfig */ = {isa = PBXFileReference; includeInIndex = 1; lastKnownFileType = text.xcconfig; name = "Pods-Weather_App.debug.xcconfig"; path = "Pods/Target Support Files/Pods-Weather_App/Pods-Weather_App.debug.xcconfig"; sourceTree = "<group>"; };
		AC63F9F5AB2BDDA29691841E /* libPods-Weather_App.a */ = {isa = PBXFileReference; explicitFileType = archive.ar; includeInIndex = 0; path = "libPods-Weather_App.a"; sourceTree = BUILT_PRODUCTS_DIR; };
		C1DD493FBDDB77E68B89AA1C /* Pods-Weather_App.release.xcconfig */ = {isa = PBXFileReference; includeInIndex = 1; lastKnownFileType = text.xcconfig; name = "Pods-Weather_App.release.xcconfig"; path = "Pods/Target Support Files/Pods-Weather_App/Pods-Weather_App.release.xcconfig"; sourceTree = "<group>"; };
		D7008DDA1FB180B500BD6EA0 /* MMNavigationController.h */ = {isa = PBXFileReference; lastKnownFileType = sourcecode.c.h; path = MMNavigationController.h; sourceTree = "<group>"; };
		D7008DDB1FB180B500BD6EA0 /* MMNavigationController.m */ = {isa = PBXFileReference; lastKnownFileType = sourcecode.c.objc; path = MMNavigationController.m; sourceTree = "<group>"; };
		D70629001F8B132E00F52FCB /* NSUserDefaults+MM_Common.h */ = {isa = PBXFileReference; lastKnownFileType = sourcecode.c.h; path = "NSUserDefaults+MM_Common.h"; sourceTree = "<group>"; };
		D70629011F8B132E00F52FCB /* NSUserDefaults+MM_Common.m */ = {isa = PBXFileReference; lastKnownFileType = sourcecode.c.objc; path = "NSUserDefaults+MM_Common.m"; sourceTree = "<group>"; };
		D70629041F8B143D00F52FCB /* MMPickerView.h */ = {isa = PBXFileReference; lastKnownFileType = sourcecode.c.h; path = MMPickerView.h; sourceTree = "<group>"; };
		D70629051F8B143D00F52FCB /* MMPickerView.m */ = {isa = PBXFileReference; lastKnownFileType = sourcecode.c.objc; path = MMPickerView.m; sourceTree = "<group>"; };
		D706290B1F8B185100F52FCB /* MMAssetsCellModel.h */ = {isa = PBXFileReference; fileEncoding = 4; lastKnownFileType = sourcecode.c.h; path = MMAssetsCellModel.h; sourceTree = "<group>"; };
		D706290C1F8B185100F52FCB /* MMAssetsCellModel.m */ = {isa = PBXFileReference; fileEncoding = 4; lastKnownFileType = sourcecode.c.objc; path = MMAssetsCellModel.m; sourceTree = "<group>"; };
		D706290D1F8B185100F52FCB /* HSSetTableViewMainController.h */ = {isa = PBXFileReference; fileEncoding = 4; lastKnownFileType = sourcecode.c.h; path = HSSetTableViewMainController.h; sourceTree = "<group>"; };
		D706290E1F8B185100F52FCB /* HSSetTableViewMainController.m */ = {isa = PBXFileReference; fileEncoding = 4; lastKnownFileType = sourcecode.c.objc; path = HSSetTableViewMainController.m; sourceTree = "<group>"; };
		D70629111F8B185100F52FCB /* HSBaseCellModel.h */ = {isa = PBXFileReference; fileEncoding = 4; lastKnownFileType = sourcecode.c.h; path = HSBaseCellModel.h; sourceTree = "<group>"; };
		D70629121F8B185100F52FCB /* HSBaseCellModel.m */ = {isa = PBXFileReference; fileEncoding = 4; lastKnownFileType = sourcecode.c.objc; path = HSBaseCellModel.m; sourceTree = "<group>"; };
		D70629131F8B185100F52FCB /* HSCustomCellModel.h */ = {isa = PBXFileReference; fileEncoding = 4; lastKnownFileType = sourcecode.c.h; path = HSCustomCellModel.h; sourceTree = "<group>"; };
		D70629141F8B185100F52FCB /* HSCustomCellModel.m */ = {isa = PBXFileReference; fileEncoding = 4; lastKnownFileType = sourcecode.c.objc; path = HSCustomCellModel.m; sourceTree = "<group>"; };
		D70629151F8B185100F52FCB /* HSImageCellModel.h */ = {isa = PBXFileReference; fileEncoding = 4; lastKnownFileType = sourcecode.c.h; path = HSImageCellModel.h; sourceTree = "<group>"; };
		D70629161F8B185100F52FCB /* HSImageCellModel.m */ = {isa = PBXFileReference; fileEncoding = 4; lastKnownFileType = sourcecode.c.objc; path = HSImageCellModel.m; sourceTree = "<group>"; };
		D70629171F8B185100F52FCB /* HSInputCellModel.h */ = {isa = PBXFileReference; fileEncoding = 4; lastKnownFileType = sourcecode.c.h; path = HSInputCellModel.h; sourceTree = "<group>"; };
		D70629181F8B185100F52FCB /* HSInputCellModel.m */ = {isa = PBXFileReference; fileEncoding = 4; lastKnownFileType = sourcecode.c.objc; path = HSInputCellModel.m; sourceTree = "<group>"; };
		D70629191F8B185100F52FCB /* HSSwitchCellModel.h */ = {isa = PBXFileReference; fileEncoding = 4; lastKnownFileType = sourcecode.c.h; path = HSSwitchCellModel.h; sourceTree = "<group>"; };
		D706291A1F8B185100F52FCB /* HSSwitchCellModel.m */ = {isa = PBXFileReference; fileEncoding = 4; lastKnownFileType = sourcecode.c.objc; path = HSSwitchCellModel.m; sourceTree = "<group>"; };
		D706291B1F8B185100F52FCB /* HSTextCellModel.h */ = {isa = PBXFileReference; fileEncoding = 4; lastKnownFileType = sourcecode.c.h; path = HSTextCellModel.h; sourceTree = "<group>"; };
		D706291C1F8B185100F52FCB /* HSTextCellModel.m */ = {isa = PBXFileReference; fileEncoding = 4; lastKnownFileType = sourcecode.c.objc; path = HSTextCellModel.m; sourceTree = "<group>"; };
		D706291D1F8B185100F52FCB /* HSTitleCellModel.h */ = {isa = PBXFileReference; fileEncoding = 4; lastKnownFileType = sourcecode.c.h; path = HSTitleCellModel.h; sourceTree = "<group>"; };
		D706291E1F8B185100F52FCB /* HSTitleCellModel.m */ = {isa = PBXFileReference; fileEncoding = 4; lastKnownFileType = sourcecode.c.objc; path = HSTitleCellModel.m; sourceTree = "<group>"; };
		D70629201F8B185100F52FCB /* HSSectionModel.h */ = {isa = PBXFileReference; fileEncoding = 4; lastKnownFileType = sourcecode.c.h; path = HSSectionModel.h; sourceTree = "<group>"; };
		D70629211F8B185100F52FCB /* HSSectionModel.m */ = {isa = PBXFileReference; fileEncoding = 4; lastKnownFileType = sourcecode.c.objc; path = HSSectionModel.m; sourceTree = "<group>"; };
		D70629231F8B185100F52FCB /* HSTableViewModel.h */ = {isa = PBXFileReference; fileEncoding = 4; lastKnownFileType = sourcecode.c.h; path = HSTableViewModel.h; sourceTree = "<group>"; };
		D70629241F8B185100F52FCB /* HSTableViewModel.m */ = {isa = PBXFileReference; fileEncoding = 4; lastKnownFileType = sourcecode.c.objc; path = HSTableViewModel.m; sourceTree = "<group>"; };
		D70629281F8B185100F52FCB /* HSSetTableViewControllerConst.h */ = {isa = PBXFileReference; fileEncoding = 4; lastKnownFileType = sourcecode.c.h; path = HSSetTableViewControllerConst.h; sourceTree = "<group>"; };
		D70629291F8B185100F52FCB /* HSSetTableViewControllerConst.m */ = {isa = PBXFileReference; fileEncoding = 4; lastKnownFileType = sourcecode.c.objc; path = HSSetTableViewControllerConst.m; sourceTree = "<group>"; };
		D706292B1F8B185100F52FCB /* HSBaseTableViewCell.h */ = {isa = PBXFileReference; fileEncoding = 4; lastKnownFileType = sourcecode.c.h; path = HSBaseTableViewCell.h; sourceTree = "<group>"; };
		D706292C1F8B185100F52FCB /* HSBaseTableViewCell.m */ = {isa = PBXFileReference; fileEncoding = 4; lastKnownFileType = sourcecode.c.objc; path = HSBaseTableViewCell.m; sourceTree = "<group>"; };
		D706292D1F8B185100F52FCB /* HSCustomTableViewCell.h */ = {isa = PBXFileReference; fileEncoding = 4; lastKnownFileType = sourcecode.c.h; path = HSCustomTableViewCell.h; sourceTree = "<group>"; };
		D706292E1F8B185100F52FCB /* HSCustomTableViewCell.m */ = {isa = PBXFileReference; fileEncoding = 4; lastKnownFileType = sourcecode.c.objc; path = HSCustomTableViewCell.m; sourceTree = "<group>"; };
		D706292F1F8B185100F52FCB /* HSImageTableViewCell.h */ = {isa = PBXFileReference; fileEncoding = 4; lastKnownFileType = sourcecode.c.h; path = HSImageTableViewCell.h; sourceTree = "<group>"; };
		D70629301F8B185100F52FCB /* HSImageTableViewCell.m */ = {isa = PBXFileReference; fileEncoding = 4; lastKnownFileType = sourcecode.c.objc; path = HSImageTableViewCell.m; sourceTree = "<group>"; };
		D70629311F8B185100F52FCB /* HSInputTableViewCell.h */ = {isa = PBXFileReference; fileEncoding = 4; lastKnownFileType = sourcecode.c.h; path = HSInputTableViewCell.h; sourceTree = "<group>"; };
		D70629321F8B185100F52FCB /* HSInputTableViewCell.m */ = {isa = PBXFileReference; fileEncoding = 4; lastKnownFileType = sourcecode.c.objc; path = HSInputTableViewCell.m; sourceTree = "<group>"; };
		D70629331F8B185100F52FCB /* HSSwitchTableViewCell.h */ = {isa = PBXFileReference; fileEncoding = 4; lastKnownFileType = sourcecode.c.h; path = HSSwitchTableViewCell.h; sourceTree = "<group>"; };
		D70629341F8B185100F52FCB /* HSSwitchTableViewCell.m */ = {isa = PBXFileReference; fileEncoding = 4; lastKnownFileType = sourcecode.c.objc; path = HSSwitchTableViewCell.m; sourceTree = "<group>"; };
		D70629351F8B185100F52FCB /* HSTextTableViewCell.h */ = {isa = PBXFileReference; fileEncoding = 4; lastKnownFileType = sourcecode.c.h; path = HSTextTableViewCell.h; sourceTree = "<group>"; };
		D70629361F8B185100F52FCB /* HSTextTableViewCell.m */ = {isa = PBXFileReference; fileEncoding = 4; lastKnownFileType = sourcecode.c.objc; path = HSTextTableViewCell.m; sourceTree = "<group>"; };
		D70629371F8B185100F52FCB /* HSTitleTableViewCell.h */ = {isa = PBXFileReference; fileEncoding = 4; lastKnownFileType = sourcecode.c.h; path = HSTitleTableViewCell.h; sourceTree = "<group>"; };
		D70629381F8B185100F52FCB /* HSTitleTableViewCell.m */ = {isa = PBXFileReference; fileEncoding = 4; lastKnownFileType = sourcecode.c.objc; path = HSTitleTableViewCell.m; sourceTree = "<group>"; };
		D706294D1F8B189C00F52FCB /* UIColor+Common.h */ = {isa = PBXFileReference; fileEncoding = 4; lastKnownFileType = sourcecode.c.h; path = "UIColor+Common.h"; sourceTree = "<group>"; };
		D706294E1F8B189C00F52FCB /* UIColor+Common.m */ = {isa = PBXFileReference; fileEncoding = 4; lastKnownFileType = sourcecode.c.objc; path = "UIColor+Common.m"; sourceTree = "<group>"; };
		D70629501F8B18F300F52FCB /* NSString+Exten.h */ = {isa = PBXFileReference; fileEncoding = 4; lastKnownFileType = sourcecode.c.h; path = "NSString+Exten.h"; sourceTree = "<group>"; };
		D70629511F8B18F300F52FCB /* NSString+Exten.m */ = {isa = PBXFileReference; fileEncoding = 4; lastKnownFileType = sourcecode.c.objc; path = "NSString+Exten.m"; sourceTree = "<group>"; };
		D70629531F8B191B00F52FCB /* UIView+MHCommon.m */ = {isa = PBXFileReference; fileEncoding = 4; lastKnownFileType = sourcecode.c.objc; path = "UIView+MHCommon.m"; sourceTree = "<group>"; };
		D70629541F8B191C00F52FCB /* UIView+MHCommon.h */ = {isa = PBXFileReference; fileEncoding = 4; lastKnownFileType = sourcecode.c.h; path = "UIView+MHCommon.h"; sourceTree = "<group>"; };
		D70629561F8B19AF00F52FCB /* RootViewController.h */ = {isa = PBXFileReference; lastKnownFileType = sourcecode.c.h; path = RootViewController.h; sourceTree = "<group>"; };
		D70629571F8B19AF00F52FCB /* RootViewController.m */ = {isa = PBXFileReference; lastKnownFileType = sourcecode.c.objc; path = RootViewController.m; sourceTree = "<group>"; };
		D706295A1F8B860B00F52FCB /* PCCustomView.h */ = {isa = PBXFileReference; fileEncoding = 4; lastKnownFileType = sourcecode.c.h; path = PCCustomView.h; sourceTree = "<group>"; };
		D706295B1F8B860B00F52FCB /* PCCustomView.m */ = {isa = PBXFileReference; fileEncoding = 4; lastKnownFileType = sourcecode.c.objc; path = PCCustomView.m; sourceTree = "<group>"; };
		D70F5DD51FA74B25007FBD43 /* UIView+Glow.h */ = {isa = PBXFileReference; fileEncoding = 4; lastKnownFileType = sourcecode.c.h; path = "UIView+Glow.h"; sourceTree = "<group>"; };
		D70F5DD61FA74B25007FBD43 /* UIView+Glow.m */ = {isa = PBXFileReference; fileEncoding = 4; lastKnownFileType = sourcecode.c.objc; path = "UIView+Glow.m"; sourceTree = "<group>"; };
		D70F5DD81FA74BCB007FBD43 /* FDCustomView.h */ = {isa = PBXFileReference; lastKnownFileType = sourcecode.c.h; path = FDCustomView.h; sourceTree = "<group>"; };
		D70F5DD91FA74BCB007FBD43 /* FDCustomView.m */ = {isa = PBXFileReference; lastKnownFileType = sourcecode.c.objc; path = FDCustomView.m; sourceTree = "<group>"; };
		D70F5DDB1FA74FFB007FBD43 /* FDCollectionView.h */ = {isa = PBXFileReference; lastKnownFileType = sourcecode.c.h; path = FDCollectionView.h; sourceTree = "<group>"; };
		D70F5DDC1FA74FFB007FBD43 /* FDCollectionView.m */ = {isa = PBXFileReference; lastKnownFileType = sourcecode.c.objc; path = FDCollectionView.m; sourceTree = "<group>"; };
		D70F5DDE1FA81D02007FBD43 /* FDPresentingAnimator.h */ = {isa = PBXFileReference; lastKnownFileType = sourcecode.c.h; path = FDPresentingAnimator.h; sourceTree = "<group>"; };
		D70F5DDF1FA81D02007FBD43 /* FDPresentingAnimator.m */ = {isa = PBXFileReference; lastKnownFileType = sourcecode.c.objc; path = FDPresentingAnimator.m; sourceTree = "<group>"; };
		D70F5DE11FA81D69007FBD43 /* FDDismissingAnimator.h */ = {isa = PBXFileReference; lastKnownFileType = sourcecode.c.h; path = FDDismissingAnimator.h; sourceTree = "<group>"; };
		D70F5DE21FA81D69007FBD43 /* FDDismissingAnimator.m */ = {isa = PBXFileReference; lastKnownFileType = sourcecode.c.objc; path = FDDismissingAnimator.m; sourceTree = "<group>"; };
		D70F5DE61FA81EED007FBD43 /* Easing.c */ = {isa = PBXFileReference; fileEncoding = 4; lastKnownFileType = sourcecode.c.c; path = Easing.c; sourceTree = "<group>"; };
		D70F5DE71FA81EED007FBD43 /* Easing.h */ = {isa = PBXFileReference; fileEncoding = 4; lastKnownFileType = sourcecode.c.h; path = Easing.h; sourceTree = "<group>"; };
		D70F5DE81FA81EED007FBD43 /* YXEasing.h */ = {isa = PBXFileReference; fileEncoding = 4; lastKnownFileType = sourcecode.c.h; path = YXEasing.h; sourceTree = "<group>"; };
		D70F5DE91FA81EED007FBD43 /* YXEasing.m */ = {isa = PBXFileReference; fileEncoding = 4; lastKnownFileType = sourcecode.c.objc; path = YXEasing.m; sourceTree = "<group>"; };
		D715E69E1FA627D500CFBFF4 /* FDViewController.h */ = {isa = PBXFileReference; lastKnownFileType = sourcecode.c.h; path = FDViewController.h; sourceTree = "<group>"; };
		D715E69F1FA627D500CFBFF4 /* FDViewController.m */ = {isa = PBXFileReference; lastKnownFileType = sourcecode.c.objc; path = FDViewController.m; sourceTree = "<group>"; };
		D715E6A11FA64ECF00CFBFF4 /* FDContentView.h */ = {isa = PBXFileReference; lastKnownFileType = sourcecode.c.h; path = FDContentView.h; sourceTree = "<group>"; };
		D715E6A21FA64ECF00CFBFF4 /* FDContentView.m */ = {isa = PBXFileReference; lastKnownFileType = sourcecode.c.objc; path = FDContentView.m; sourceTree = "<group>"; };
		D715E6A41FA7152000CFBFF4 /* CLTStickyLayout.h */ = {isa = PBXFileReference; fileEncoding = 4; lastKnownFileType = sourcecode.c.h; path = CLTStickyLayout.h; sourceTree = "<group>"; };
		D715E6A51FA7152000CFBFF4 /* CLTStickyLayout.m */ = {isa = PBXFileReference; fileEncoding = 4; lastKnownFileType = sourcecode.c.objc; path = CLTStickyLayout.m; sourceTree = "<group>"; };
		D719742D1F6EFEDA0068F971 /* MM_AutoReplyViewController.h */ = {isa = PBXFileReference; fileEncoding = 4; lastKnownFileType = sourcecode.c.h; path = MM_AutoReplyViewController.h; sourceTree = "<group>"; };
		D719742E1F6EFEDA0068F971 /* MM_AutoReplyViewController.m */ = {isa = PBXFileReference; fileEncoding = 4; lastKnownFileType = sourcecode.c.objc; path = MM_AutoReplyViewController.m; sourceTree = "<group>"; };
		D71974301F6EFEFC0068F971 /* MM_AutoReplyEditViewController.h */ = {isa = PBXFileReference; fileEncoding = 4; lastKnownFileType = sourcecode.c.h; path = MM_AutoReplyEditViewController.h; sourceTree = "<group>"; };
		D71974311F6EFEFC0068F971 /* MM_AutoReplyEditViewController.m */ = {isa = PBXFileReference; fileEncoding = 4; lastKnownFileType = sourcecode.c.objc; path = MM_AutoReplyEditViewController.m; sourceTree = "<group>"; };
		D7A595B61FAAC156000C59FE /* CreatePDFViewController.h */ = {isa = PBXFileReference; lastKnownFileType = sourcecode.c.h; path = CreatePDFViewController.h; sourceTree = "<group>"; };
		D7A595B71FAAC156000C59FE /* CreatePDFViewController.m */ = {isa = PBXFileReference; lastKnownFileType = sourcecode.c.objc; path = CreatePDFViewController.m; sourceTree = "<group>"; };
		D7A595B91FAAC743000C59FE /* FDHTMLRenderComposer.h */ = {isa = PBXFileReference; lastKnownFileType = sourcecode.c.h; path = FDHTMLRenderComposer.h; sourceTree = "<group>"; };
		D7A595BA1FAAC743000C59FE /* FDHTMLRenderComposer.m */ = {isa = PBXFileReference; lastKnownFileType = sourcecode.c.objc; path = FDHTMLRenderComposer.m; sourceTree = "<group>"; };
		D7A595BD1FAACFED000C59FE /* rootTemplate.html */ = {isa = PBXFileReference; fileEncoding = 4; lastKnownFileType = text.html; path = rootTemplate.html; sourceTree = "<group>"; };
		D7A595BE1FAACFED000C59FE /* singleItemTemplate.html */ = {isa = PBXFileReference; fileEncoding = 4; lastKnownFileType = text.html; path = singleItemTemplate.html; sourceTree = "<group>"; };
		D7A73E1B1FAC16E800818CF5 /* MarkdownRenderHTMLViewController.h */ = {isa = PBXFileReference; lastKnownFileType = sourcecode.c.h; path = MarkdownRenderHTMLViewController.h; sourceTree = "<group>"; };
		D7A73E1C1FAC16E800818CF5 /* MarkdownRenderHTMLViewController.m */ = {isa = PBXFileReference; lastKnownFileType = sourcecode.c.objc; path = MarkdownRenderHTMLViewController.m; sourceTree = "<group>"; };
		D7A73E1E1FB04B2B00818CF5 /* MM_FindFriendEntryViewController.h */ = {isa = PBXFileReference; lastKnownFileType = sourcecode.c.h; path = MM_FindFriendEntryViewController.h; sourceTree = "<group>"; };
		D7A73E1F1FB04B2B00818CF5 /* MM_FindFriendEntryViewController.m */ = {isa = PBXFileReference; lastKnownFileType = sourcecode.c.objc; path = MM_FindFriendEntryViewController.m; sourceTree = "<group>"; };
		D7A73E211FB04F4800818CF5 /* MM_FindFriendEntryItemView.h */ = {isa = PBXFileReference; lastKnownFileType = sourcecode.c.h; path = MM_FindFriendEntryItemView.h; sourceTree = "<group>"; };
		D7A73E221FB04F4800818CF5 /* MM_FindFriendEntryItemView.m */ = {isa = PBXFileReference; lastKnownFileType = sourcecode.c.objc; path = MM_FindFriendEntryItemView.m; sourceTree = "<group>"; };
		D7DE01491F98C1EF008682DE /* AHKBuilder.h */ = {isa = PBXFileReference; fileEncoding = 4; lastKnownFileType = sourcecode.c.h; path = AHKBuilder.h; sourceTree = "<group>"; };
		D7DE014A1F98C1EF008682DE /* NSInvocation+AHKAdditions.h */ = {isa = PBXFileReference; fileEncoding = 4; lastKnownFileType = sourcecode.c.h; path = "NSInvocation+AHKAdditions.h"; sourceTree = "<group>"; };
		D7DE014B1F98C1EF008682DE /* NSInvocation+AHKAdditions.m */ = {isa = PBXFileReference; fileEncoding = 4; lastKnownFileType = sourcecode.c.objc; path = "NSInvocation+AHKAdditions.m"; sourceTree = "<group>"; };
		D7DE014C1F98C1EF008682DE /* NSObject+AHKBuilder.h */ = {isa = PBXFileReference; fileEncoding = 4; lastKnownFileType = sourcecode.c.h; path = "NSObject+AHKBuilder.h"; sourceTree = "<group>"; };
		D7DE014D1F98C1EF008682DE /* NSObject+AHKBuilder.m */ = {isa = PBXFileReference; fileEncoding = 4; lastKnownFileType = sourcecode.c.objc; path = "NSObject+AHKBuilder.m"; sourceTree = "<group>"; };
		D7DF33521F6AC9E400771928 /* MMPreviewHUD.h */ = {isa = PBXFileReference; fileEncoding = 4; lastKnownFileType = sourcecode.c.h; path = MMPreviewHUD.h; sourceTree = "<group>"; };
		D7DF33531F6AC9E400771928 /* MMPreviewHUD.m */ = {isa = PBXFileReference; fileEncoding = 4; lastKnownFileType = sourcecode.c.objc; path = MMPreviewHUD.m; sourceTree = "<group>"; };
/* End PBXFileReference section */

/* Begin PBXFrameworksBuildPhase section */
		7FDC6EC21F46E35A00D94379 /* Frameworks */ = {
			isa = PBXFrameworksBuildPhase;
			buildActionMask = 2147483647;
			files = (
				E3CDC4C9DF28E252C8F70DC9 /* libPods-Weather_App.a in Frameworks */,
			);
			runOnlyForDeploymentPostprocessing = 0;
		};
/* End PBXFrameworksBuildPhase section */

/* Begin PBXGroup section */
		78B0F788262D33A0091F4C84 /* Frameworks */ = {
			isa = PBXGroup;
			children = (
				7F94A34E1F5519D800DA28EA /* XCTest.framework */,
				AC63F9F5AB2BDDA29691841E /* libPods-Weather_App.a */,
			);
			name = Frameworks;
			sourceTree = "<group>";
		};
		7F243E3B1FA6D9AF00AE4134 /* 咸鱼 */ = {
			isa = PBXGroup;
			children = (
				D715E6A11FA64ECF00CFBFF4 /* FDContentView.h */,
				D715E6A21FA64ECF00CFBFF4 /* FDContentView.m */,
				D70F5DDB1FA74FFB007FBD43 /* FDCollectionView.h */,
				D70F5DDC1FA74FFB007FBD43 /* FDCollectionView.m */,
				D70F5DD81FA74BCB007FBD43 /* FDCustomView.h */,
				D70F5DD91FA74BCB007FBD43 /* FDCustomView.m */,
			);
			name = "咸鱼";
			sourceTree = "<group>";
		};
		7F243E3F1FA81EB100AE4134 /* GCD */ = {
			isa = PBXGroup;
			children = (
				7F243E3C1FA81E7A00AE4134 /* MMGCD.h */,
				7F243E3D1FA81E7A00AE4134 /* MMGCD.m */,
			);
			name = GCD;
			sourceTree = "<group>";
		};
		7F32E0B11FA1BC78002D57FB /* 指示器 */ = {
			isa = PBXGroup;
			children = (
				7F32E0AE1FA1BC70002D57FB /* HLLStickIndicator.h */,
				7F32E0AF1FA1BC70002D57FB /* HLLStickIndicator.m */,
			);
			name = "指示器";
			sourceTree = "<group>";
		};
		7F590D681FA9A5D4006F7BF0 /* STPopup */ = {
			isa = PBXGroup;
			children = (
				7F590D691FA9A5D4006F7BF0 /* Info.plist */,
				7F590D6A1FA9A5D4006F7BF0 /* STPopup.h */,
				7F590D6B1FA9A5D4006F7BF0 /* STPopupController.h */,
				7F590D6C1FA9A5D4006F7BF0 /* STPopupController.m */,
				7F590D6D1FA9A5D4006F7BF0 /* STPopupControllerTransitioningFade.h */,
				7F590D6E1FA9A5D4006F7BF0 /* STPopupControllerTransitioningFade.m */,
				7F590D6F1FA9A5D4006F7BF0 /* STPopupControllerTransitioningSlideVertical.h */,
				7F590D701FA9A5D4006F7BF0 /* STPopupControllerTransitioningSlideVertical.m */,
				7F590D711FA9A5D4006F7BF0 /* STPopupLeftBarItem.h */,
				7F590D721FA9A5D4006F7BF0 /* STPopupLeftBarItem.m */,
				7F590D731FA9A5D4006F7BF0 /* STPopupNavigationBar.h */,
				7F590D741FA9A5D4006F7BF0 /* STPopupNavigationBar.m */,
				7F590D751FA9A5D4006F7BF0 /* UIResponder+STPopup.h */,
				7F590D761FA9A5D4006F7BF0 /* UIResponder+STPopup.m */,
				7F590D771FA9A5D4006F7BF0 /* UIViewController+STPopup.h */,
				7F590D781FA9A5D4006F7BF0 /* UIViewController+STPopup.m */,
			);
			path = STPopup;
			sourceTree = "<group>";
		};
		7F8B6C091F95EEA900F3A6E3 /* 搜索的CollectionView */ = {
			isa = PBXGroup;
			children = (
				7F8B6C041F95ED6E00F3A6E3 /* MMSearchDefaultCollectionView.h */,
				7F8B6C031F95ED6D00F3A6E3 /* MMSearchDefaultCollectionView.m */,
				7F8B6C061F95ED6E00F3A6E3 /* MMSearchReusableView.h */,
				7F8B6C051F95ED6E00F3A6E3 /* MMSearchReusableView.m */,
			);
			name = "搜索的CollectionView";
			sourceTree = "<group>";
		};
		7FBC5FB41F97454B00DCF3E9 /* ANYMethodLog */ = {
			isa = PBXGroup;
			children = (
				7FBC5FB51F97454B00DCF3E9 /* ANYMethodLog.h */,
				7FBC5FB61F97454B00DCF3E9 /* ANYMethodLog.m */,
			);
			path = ANYMethodLog;
			sourceTree = "<group>";
		};
		7FBCF0BF1F4D269E00E2EEC7 /* CustomView */ = {
			isa = PBXGroup;
			children = (
				7FD8CC241F984A3E005DC9FF /* HLLPlaceholderTextView.h */,
				7FD8CC251F984A3F005DC9FF /* HLLPlaceholderTextView.m */,
				D706295A1F8B860B00F52FCB /* PCCustomView.h */,
				D706295B1F8B860B00F52FCB /* PCCustomView.m */,
				D70629091F8B185100F52FCB /* HSSetTableView */,
				7FBCF0BC1F4D269100E2EEC7 /* HLLSegmentView.h */,
				7FBCF0BD1F4D269100E2EEC7 /* HLLSegmentView.m */,
				7FDC6EDF1F46E38800D94379 /* HLLWaveView.h */,
				7FDC6EE01F46E38800D94379 /* HLLWaveView.m */,
				7FBCF0C21F4E776B00E2EEC7 /* HLLCircularLoaderView.h */,
				7FBCF0C31F4E776B00E2EEC7 /* HLLCircularLoaderView.m */,
			);
			name = CustomView;
			sourceTree = "<group>";
		};
		7FCF75031F8B1DC600514597 /* Alert封装 */ = {
			isa = PBXGroup;
			children = (
				7FCF75011F8B1DC100514597 /* HLLAlert.h */,
				7FCF75001F8B1DC000514597 /* HLLAlert.m */,
			);
			name = "Alert封装";
			sourceTree = "<group>";
		};
		7FDC6EBC1F46E35A00D94379 = {
			isa = PBXGroup;
			children = (
				7FDC6EC71F46E35A00D94379 /* Weather_App */,
				7FDC6EC61F46E35A00D94379 /* Products */,
				E487AB39E2CE10CFE9CB0233 /* Pods */,
				78B0F788262D33A0091F4C84 /* Frameworks */,
			);
			sourceTree = "<group>";
		};
		7FDC6EC61F46E35A00D94379 /* Products */ = {
			isa = PBXGroup;
			children = (
				7FDC6EC51F46E35A00D94379 /* Weather_App.app */,
			);
			name = Products;
			sourceTree = "<group>";
		};
		7FDC6EC71F46E35A00D94379 /* Weather_App */ = {
			isa = PBXGroup;
			children = (
				7FDC6ECB1F46E35A00D94379 /* AppDelegate.h */,
				7FDC6ECC1F46E35A00D94379 /* AppDelegate.m */,
				D70629591F8B1C0A00F52FCB /* 控制器 */,
				D70628FC1F8B11F300F52FCB /* 跑道 */,
				D70628FF1F8B130600F52FCB /* 分类 */,
				D70628FE1F8B12A900F52FCB /* 属性字符串生成 */,
				D70628FD1F8B122900F52FCB /* 礼物面板 */,
				D70629031F8B138800F52FCB /* 消息预览HUD */,
				7F414F4C1F67871A00EC8E86 /* MMGiftEffectOperationMgr.h */,
				7F414F4D1F67871A00EC8E86 /* MMGiftEffectOperationMgr.m */,
				D7A73E241FB04F5B00818CF5 /* 发现界面 */,
				D7A595BC1FAACE36000C59FE /* 渲染 */,
				7F590D681FA9A5D4006F7BF0 /* STPopup */,
				7F243E3F1FA81EB100AE4134 /* GCD */,
				D70F5DE51FA81EED007FBD43 /* YXEasing */,
				D70F5DE41FA81DC9007FBD43 /* Animator */,
				D715E6A71FA7152600CFBFF4 /* CLTStickyLayout */,
				7F243E3B1FA6D9AF00AE4134 /* 咸鱼 */,
				7F32E0B11FA1BC78002D57FB /* 指示器 */,
				D7DE01481F98C1EF008682DE /* AHKBuilder */,
				7FCF75031F8B1DC600514597 /* Alert封装 */,
				7F8B6C091F95EEA900F3A6E3 /* 搜索的CollectionView */,
				D70629071F8B14F800F52FCB /* picker视图 */,
				7FED6BA31F5557E2004E3345 /* DataSource */,
				7FBCF0BF1F4D269E00E2EEC7 /* CustomView */,
				7FBC5FB41F97454B00DCF3E9 /* ANYMethodLog */,
				7FDC6ED11F46E35A00D94379 /* Main.storyboard */,
				7FDC6ED41F46E35A00D94379 /* Assets.xcassets */,
				7FDC6ED61F46E35A00D94379 /* LaunchScreen.storyboard */,
				7FDC6ED91F46E35A00D94379 /* Info.plist */,
				7FDC6EC81F46E35A00D94379 /* Supporting Files */,
				7FBCF1281F540CDC00E2EEC7 /* Weather_App-Bridging-Header.h */,
			);
			path = Weather_App;
			sourceTree = "<group>";
		};
		7FDC6EC81F46E35A00D94379 /* Supporting Files */ = {
			isa = PBXGroup;
			children = (
				7FDC6EC91F46E35A00D94379 /* main.m */,
			);
			name = "Supporting Files";
			sourceTree = "<group>";
		};
		7FED6BA31F5557E2004E3345 /* DataSource */ = {
			isa = PBXGroup;
			children = (
				7FED6B9E1F555184004E3345 /* DataSourceProtocol.h */,
				7FED6BA41F5557F0004E3345 /* TableViewDataSource.h */,
				7FED6BA51F5557F0004E3345 /* TableViewDataSource.m */,
			);
			name = DataSource;
			sourceTree = "<group>";
		};
		D70628FC1F8B11F300F52FCB /* 跑道 */ = {
			isa = PBXGroup;
			children = (
				7F9CED3C1F5D1F9D00A64EB5 /* MMRunwayProContentView.h */,
				7F9CED3D1F5D1F9D00A64EB5 /* MMRunwayProContentView.m */,
				7F9CED391F5CEAA000A64EB5 /* MMRunwayCoreView.h */,
				7F9CED3A1F5CEAA000A64EB5 /* MMRunwayCoreView.m */,
			);
			name = "跑道";
			sourceTree = "<group>";
		};
		D70628FD1F8B122900F52FCB /* 礼物面板 */ = {
			isa = PBXGroup;
			children = (
				7F91F7C71F62991400B20D76 /* MMGiftContainerView.h */,
				7F91F7C81F62991400B20D76 /* MMGiftContainerView.m */,
			);
			name = "礼物面板";
			sourceTree = "<group>";
		};
		D70628FE1F8B12A900F52FCB /* 属性字符串生成 */ = {
			isa = PBXGroup;
			children = (
				7FBCF0C81F4EE12200E2EEC7 /* HLLAttributedBuilder.h */,
				7FBCF0C91F4EE12200E2EEC7 /* HLLAttributedBuilder.m */,
			);
			name = "属性字符串生成";
			sourceTree = "<group>";
		};
		D70628FF1F8B130600F52FCB /* 分类 */ = {
			isa = PBXGroup;
			children = (
				D70F5DD51FA74B25007FBD43 /* UIView+Glow.h */,
				D70F5DD61FA74B25007FBD43 /* UIView+Glow.m */,
				D70629541F8B191C00F52FCB /* UIView+MHCommon.h */,
				D70629531F8B191B00F52FCB /* UIView+MHCommon.m */,
				D70629501F8B18F300F52FCB /* NSString+Exten.h */,
				D70629511F8B18F300F52FCB /* NSString+Exten.m */,
				D706294D1F8B189C00F52FCB /* UIColor+Common.h */,
				D706294E1F8B189C00F52FCB /* UIColor+Common.m */,
				7F9CED351F57F31C00A64EB5 /* UIView+AutoLayoutSupport.h */,
				7F9CED361F57F31C00A64EB5 /* UIView+AutoLayoutSupport.m */,
				7F94A3491F55120D00DA28EA /* NSArray+Sugar.h */,
				7F94A34A1F55120D00DA28EA /* NSArray+Sugar.m */,
				D70629001F8B132E00F52FCB /* NSUserDefaults+MM_Common.h */,
				D70629011F8B132E00F52FCB /* NSUserDefaults+MM_Common.m */,
				7FD8CC271F984A8D005DC9FF /* UILabel+ContentSize.h */,
				7FD8CC281F984A8D005DC9FF /* UILabel+ContentSize.m */,
				7FD8CC331F98A995005DC9FF /* NSObject+CodableProperties.h */,
				7FD8CC341F98A995005DC9FF /* NSObject+CodableProperties.m */,
			);
			name = "分类";
			sourceTree = "<group>";
		};
		D70629031F8B138800F52FCB /* 消息预览HUD */ = {
			isa = PBXGroup;
			children = (
				D7DF33521F6AC9E400771928 /* MMPreviewHUD.h */,
				D7DF33531F6AC9E400771928 /* MMPreviewHUD.m */,
			);
			name = "消息预览HUD";
			sourceTree = "<group>";
		};
		D70629071F8B14F800F52FCB /* picker视图 */ = {
			isa = PBXGroup;
			children = (
				D70629041F8B143D00F52FCB /* MMPickerView.h */,
				D70629051F8B143D00F52FCB /* MMPickerView.m */,
			);
			name = "picker视图";
			sourceTree = "<group>";
		};
		D70629081F8B152E00F52FCB /* 自动回复 */ = {
			isa = PBXGroup;
			children = (
				D719742D1F6EFEDA0068F971 /* MM_AutoReplyViewController.h */,
				D719742E1F6EFEDA0068F971 /* MM_AutoReplyViewController.m */,
				D71974301F6EFEFC0068F971 /* MM_AutoReplyEditViewController.h */,
				D71974311F6EFEFC0068F971 /* MM_AutoReplyEditViewController.m */,
			);
			name = "自动回复";
			sourceTree = "<group>";
		};
		D70629091F8B185100F52FCB /* HSSetTableView */ = {
			isa = PBXGroup;
			children = (
				D706290D1F8B185100F52FCB /* HSSetTableViewMainController.h */,
				D706290E1F8B185100F52FCB /* HSSetTableViewMainController.m */,
				D706292A1F8B185100F52FCB /* View */,
				D706290F1F8B185100F52FCB /* Model */,
				D706290A1F8B185100F52FCB /* Custom */,
				D70629251F8B185100F52FCB /* Tool */,
			);
			path = HSSetTableView;
			sourceTree = "<group>";
		};
		D706290A1F8B185100F52FCB /* Custom */ = {
			isa = PBXGroup;
			children = (
				D706290B1F8B185100F52FCB /* MMAssetsCellModel.h */,
				D706290C1F8B185100F52FCB /* MMAssetsCellModel.m */,
			);
			path = Custom;
			sourceTree = "<group>";
		};
		D706290F1F8B185100F52FCB /* Model */ = {
			isa = PBXGroup;
			children = (
				D70629221F8B185100F52FCB /* TableView */,
				D706291F1F8B185100F52FCB /* Section */,
				D70629101F8B185100F52FCB /* Cell */,
			);
			path = Model;
			sourceTree = "<group>";
		};
		D70629101F8B185100F52FCB /* Cell */ = {
			isa = PBXGroup;
			children = (
				D70629111F8B185100F52FCB /* HSBaseCellModel.h */,
				D70629121F8B185100F52FCB /* HSBaseCellModel.m */,
				D70629131F8B185100F52FCB /* HSCustomCellModel.h */,
				D70629141F8B185100F52FCB /* HSCustomCellModel.m */,
				D70629151F8B185100F52FCB /* HSImageCellModel.h */,
				D70629161F8B185100F52FCB /* HSImageCellModel.m */,
				D70629171F8B185100F52FCB /* HSInputCellModel.h */,
				D70629181F8B185100F52FCB /* HSInputCellModel.m */,
				D70629191F8B185100F52FCB /* HSSwitchCellModel.h */,
				D706291A1F8B185100F52FCB /* HSSwitchCellModel.m */,
				D706291B1F8B185100F52FCB /* HSTextCellModel.h */,
				D706291C1F8B185100F52FCB /* HSTextCellModel.m */,
				D706291D1F8B185100F52FCB /* HSTitleCellModel.h */,
				D706291E1F8B185100F52FCB /* HSTitleCellModel.m */,
			);
			path = Cell;
			sourceTree = "<group>";
		};
		D706291F1F8B185100F52FCB /* Section */ = {
			isa = PBXGroup;
			children = (
				D70629201F8B185100F52FCB /* HSSectionModel.h */,
				D70629211F8B185100F52FCB /* HSSectionModel.m */,
			);
			path = Section;
			sourceTree = "<group>";
		};
		D70629221F8B185100F52FCB /* TableView */ = {
			isa = PBXGroup;
			children = (
				D70629231F8B185100F52FCB /* HSTableViewModel.h */,
				D70629241F8B185100F52FCB /* HSTableViewModel.m */,
			);
			path = TableView;
			sourceTree = "<group>";
		};
		D70629251F8B185100F52FCB /* Tool */ = {
			isa = PBXGroup;
			children = (
				D70629281F8B185100F52FCB /* HSSetTableViewControllerConst.h */,
				D70629291F8B185100F52FCB /* HSSetTableViewControllerConst.m */,
			);
			path = Tool;
			sourceTree = "<group>";
		};
		D706292A1F8B185100F52FCB /* View */ = {
			isa = PBXGroup;
			children = (
				D706292B1F8B185100F52FCB /* HSBaseTableViewCell.h */,
				D706292C1F8B185100F52FCB /* HSBaseTableViewCell.m */,
				D706292D1F8B185100F52FCB /* HSCustomTableViewCell.h */,
				D706292E1F8B185100F52FCB /* HSCustomTableViewCell.m */,
				D706292F1F8B185100F52FCB /* HSImageTableViewCell.h */,
				D70629301F8B185100F52FCB /* HSImageTableViewCell.m */,
				D70629311F8B185100F52FCB /* HSInputTableViewCell.h */,
				D70629321F8B185100F52FCB /* HSInputTableViewCell.m */,
				D70629331F8B185100F52FCB /* HSSwitchTableViewCell.h */,
				D70629341F8B185100F52FCB /* HSSwitchTableViewCell.m */,
				D70629351F8B185100F52FCB /* HSTextTableViewCell.h */,
				D70629361F8B185100F52FCB /* HSTextTableViewCell.m */,
				D70629371F8B185100F52FCB /* HSTitleTableViewCell.h */,
				D70629381F8B185100F52FCB /* HSTitleTableViewCell.m */,
			);
			path = View;
			sourceTree = "<group>";
		};
		D70629591F8B1C0A00F52FCB /* 控制器 */ = {
			isa = PBXGroup;
			children = (
				D7008DDA1FB180B500BD6EA0 /* MMNavigationController.h */,
				D7008DDB1FB180B500BD6EA0 /* MMNavigationController.m */,
				D70629561F8B19AF00F52FCB /* RootViewController.h */,
				D70629571F8B19AF00F52FCB /* RootViewController.m */,
				7FDC6ECE1F46E35A00D94379 /* ViewController.h */,
				7FDC6ECF1F46E35A00D94379 /* ViewController.m */,
				7F414F491F67866200EC8E86 /* MMGiftEffectViewController.h */,
				7F414F4A1F67866200EC8E86 /* MMGiftEffectViewController.m */,
				7FCF75041F8B1EAD00514597 /* TableDemoViewController.h */,
				7FCF75051F8B1EAD00514597 /* TableDemoViewController.m */,
				7F8B6C001F95ECBB00F3A6E3 /* MMSearchViewController.h */,
				7F8B6C011F95ECBB00F3A6E3 /* MMSearchViewController.m */,
				D715E69E1FA627D500CFBFF4 /* FDViewController.h */,
				D715E69F1FA627D500CFBFF4 /* FDViewController.m */,
				7F32E0B21FA1CB74002D57FB /* HLLIndicatorViewController.h */,
				7F32E0B31FA1CB74002D57FB /* HLLIndicatorViewController.m */,
				D7A595B61FAAC156000C59FE /* CreatePDFViewController.h */,
				D7A595B71FAAC156000C59FE /* CreatePDFViewController.m */,
				D7A73E1B1FAC16E800818CF5 /* MarkdownRenderHTMLViewController.h */,
				D7A73E1C1FAC16E800818CF5 /* MarkdownRenderHTMLViewController.m */,
				D7A73E1E1FB04B2B00818CF5 /* MM_FindFriendEntryViewController.h */,
				D7A73E1F1FB04B2B00818CF5 /* MM_FindFriendEntryViewController.m */,
				D70629081F8B152E00F52FCB /* 自动回复 */,
			);
			name = "控制器";
			sourceTree = "<group>";
		};
		D70F5DE41FA81DC9007FBD43 /* Animator */ = {
			isa = PBXGroup;
			children = (
				D70F5DDE1FA81D02007FBD43 /* FDPresentingAnimator.h */,
				D70F5DDF1FA81D02007FBD43 /* FDPresentingAnimator.m */,
				D70F5DE11FA81D69007FBD43 /* FDDismissingAnimator.h */,
				D70F5DE21FA81D69007FBD43 /* FDDismissingAnimator.m */,
			);
			name = Animator;
			sourceTree = "<group>";
		};
		D70F5DE51FA81EED007FBD43 /* YXEasing */ = {
			isa = PBXGroup;
			children = (
				D70F5DE61FA81EED007FBD43 /* Easing.c */,
				D70F5DE71FA81EED007FBD43 /* Easing.h */,
				D70F5DE81FA81EED007FBD43 /* YXEasing.h */,
				D70F5DE91FA81EED007FBD43 /* YXEasing.m */,
			);
			path = YXEasing;
			sourceTree = "<group>";
		};
		D715E6A71FA7152600CFBFF4 /* CLTStickyLayout */ = {
			isa = PBXGroup;
			children = (
				D715E6A41FA7152000CFBFF4 /* CLTStickyLayout.h */,
				D715E6A51FA7152000CFBFF4 /* CLTStickyLayout.m */,
			);
			name = CLTStickyLayout;
			sourceTree = "<group>";
		};
		D7A595BC1FAACE36000C59FE /* 渲染 */ = {
			isa = PBXGroup;
			children = (
				D7A595BD1FAACFED000C59FE /* rootTemplate.html */,
				D7A595BE1FAACFED000C59FE /* singleItemTemplate.html */,
				D7A595B91FAAC743000C59FE /* FDHTMLRenderComposer.h */,
				D7A595BA1FAAC743000C59FE /* FDHTMLRenderComposer.m */,
			);
			name = "渲染";
			sourceTree = "<group>";
		};
		D7A73E241FB04F5B00818CF5 /* 发现界面 */ = {
			isa = PBXGroup;
			children = (
				D7A73E211FB04F4800818CF5 /* MM_FindFriendEntryItemView.h */,
				D7A73E221FB04F4800818CF5 /* MM_FindFriendEntryItemView.m */,
			);
			name = "发现界面";
			sourceTree = "<group>";
		};
		D7DE01481F98C1EF008682DE /* AHKBuilder */ = {
			isa = PBXGroup;
			children = (
				D7DE01491F98C1EF008682DE /* AHKBuilder.h */,
				D7DE014A1F98C1EF008682DE /* NSInvocation+AHKAdditions.h */,
				D7DE014B1F98C1EF008682DE /* NSInvocation+AHKAdditions.m */,
				D7DE014C1F98C1EF008682DE /* NSObject+AHKBuilder.h */,
				D7DE014D1F98C1EF008682DE /* NSObject+AHKBuilder.m */,
			);
			path = AHKBuilder;
			sourceTree = "<group>";
		};
		E487AB39E2CE10CFE9CB0233 /* Pods */ = {
			isa = PBXGroup;
			children = (
				8B9A4BC81A12BABD40DE994D /* Pods-Weather_App.debug.xcconfig */,
				C1DD493FBDDB77E68B89AA1C /* Pods-Weather_App.release.xcconfig */,
			);
			name = Pods;
			sourceTree = "<group>";
		};
/* End PBXGroup section */

/* Begin PBXNativeTarget section */
		7FDC6EC41F46E35A00D94379 /* Weather_App */ = {
			isa = PBXNativeTarget;
			buildConfigurationList = 7FDC6EDC1F46E35A00D94379 /* Build configuration list for PBXNativeTarget "Weather_App" */;
			buildPhases = (
				71017A02D968912DFA3CF791 /* [CP] Check Pods Manifest.lock */,
				7FDC6EC11F46E35A00D94379 /* Sources */,
				7FDC6EC21F46E35A00D94379 /* Frameworks */,
				7FDC6EC31F46E35A00D94379 /* Resources */,
				0B1A2ABB6BAEC654A44A08C1 /* [CP] Embed Pods Frameworks */,
				B8ACD983C8A776B1E1D573D8 /* [CP] Copy Pods Resources */,
			);
			buildRules = (
			);
			dependencies = (
			);
			name = Weather_App;
			productName = Weather_App;
			productReference = 7FDC6EC51F46E35A00D94379 /* Weather_App.app */;
			productType = "com.apple.product-type.application";
		};
/* End PBXNativeTarget section */

/* Begin PBXProject section */
		7FDC6EBD1F46E35A00D94379 /* Project object */ = {
			isa = PBXProject;
			attributes = {
				LastUpgradeCheck = 0830;
				ORGANIZATIONNAME = Yrocky;
				TargetAttributes = {
					7FDC6EC41F46E35A00D94379 = {
						CreatedOnToolsVersion = 8.3.2;
						DevelopmentTeam = LL7GM42E2F;
						LastSwiftMigration = 0830;
						ProvisioningStyle = Automatic;
					};
				};
			};
			buildConfigurationList = 7FDC6EC01F46E35A00D94379 /* Build configuration list for PBXProject "Weather_App" */;
			compatibilityVersion = "Xcode 3.2";
			developmentRegion = English;
			hasScannedForEncodings = 0;
			knownRegions = (
				en,
				Base,
			);
			mainGroup = 7FDC6EBC1F46E35A00D94379;
			productRefGroup = 7FDC6EC61F46E35A00D94379 /* Products */;
			projectDirPath = "";
			projectRoot = "";
			targets = (
				7FDC6EC41F46E35A00D94379 /* Weather_App */,
			);
		};
/* End PBXProject section */

/* Begin PBXResourcesBuildPhase section */
		7FDC6EC31F46E35A00D94379 /* Resources */ = {
			isa = PBXResourcesBuildPhase;
			buildActionMask = 2147483647;
			files = (
				D7A595BF1FAACFED000C59FE /* rootTemplate.html in Resources */,
				7F590D791FA9A5D4006F7BF0 /* Info.plist in Resources */,
				7FDC6ED81F46E35A00D94379 /* LaunchScreen.storyboard in Resources */,
				7FDC6ED51F46E35A00D94379 /* Assets.xcassets in Resources */,
				7FDC6ED31F46E35A00D94379 /* Main.storyboard in Resources */,
				D7A595C01FAACFED000C59FE /* singleItemTemplate.html in Resources */,
			);
			runOnlyForDeploymentPostprocessing = 0;
		};
/* End PBXResourcesBuildPhase section */

/* Begin PBXShellScriptBuildPhase section */
		0B1A2ABB6BAEC654A44A08C1 /* [CP] Embed Pods Frameworks */ = {
			isa = PBXShellScriptBuildPhase;
			buildActionMask = 2147483647;
			files = (
			);
			inputPaths = (
			);
			name = "[CP] Embed Pods Frameworks";
			outputPaths = (
			);
			runOnlyForDeploymentPostprocessing = 0;
			shellPath = /bin/sh;
			shellScript = "\"${SRCROOT}/Pods/Target Support Files/Pods-Weather_App/Pods-Weather_App-frameworks.sh\"\n";
			showEnvVarsInLog = 0;
		};
		71017A02D968912DFA3CF791 /* [CP] Check Pods Manifest.lock */ = {
			isa = PBXShellScriptBuildPhase;
			buildActionMask = 2147483647;
			files = (
			);
			inputPaths = (
			);
			name = "[CP] Check Pods Manifest.lock";
			outputPaths = (
			);
			runOnlyForDeploymentPostprocessing = 0;
			shellPath = /bin/sh;
			shellScript = "diff \"${PODS_ROOT}/../Podfile.lock\" \"${PODS_ROOT}/Manifest.lock\" > /dev/null\nif [ $? != 0 ] ; then\n    # print error to STDERR\n    echo \"error: The sandbox is not in sync with the Podfile.lock. Run 'pod install' or update your CocoaPods installation.\" >&2\n    exit 1\nfi\n";
			showEnvVarsInLog = 0;
		};
		B8ACD983C8A776B1E1D573D8 /* [CP] Copy Pods Resources */ = {
			isa = PBXShellScriptBuildPhase;
			buildActionMask = 2147483647;
			files = (
			);
			inputPaths = (
			);
			name = "[CP] Copy Pods Resources";
			outputPaths = (
			);
			runOnlyForDeploymentPostprocessing = 0;
			shellPath = /bin/sh;
			shellScript = "\"${SRCROOT}/Pods/Target Support Files/Pods-Weather_App/Pods-Weather_App-resources.sh\"\n";
			showEnvVarsInLog = 0;
		};
/* End PBXShellScriptBuildPhase section */

/* Begin PBXSourcesBuildPhase section */
		7FDC6EC11F46E35A00D94379 /* Sources */ = {
			isa = PBXSourcesBuildPhase;
			buildActionMask = 2147483647;
			files = (
				D71974321F6EFEFC0068F971 /* MM_AutoReplyEditViewController.m in Sources */,
				D706293F1F8B185100F52FCB /* HSSwitchCellModel.m in Sources */,
				7F32E0B41FA1CB74002D57FB /* HLLIndicatorViewController.m in Sources */,
				D7DE014F1F98C1EF008682DE /* NSObject+AHKBuilder.m in Sources */,
				D70629551F8B191C00F52FCB /* UIView+MHCommon.m in Sources */,
				7F590D7C1FA9A5D4006F7BF0 /* STPopupControllerTransitioningSlideVertical.m in Sources */,
				D706293B1F8B185100F52FCB /* HSBaseCellModel.m in Sources */,
				7FDC6ED01F46E35A00D94379 /* ViewController.m in Sources */,
				7FCF75021F8B1DC100514597 /* HLLAlert.m in Sources */,
				D715E6A31FA64ECF00CFBFF4 /* FDContentView.m in Sources */,
				7F8B6C071F95ED6F00F3A6E3 /* MMSearchDefaultCollectionView.m in Sources */,
				7F243E3E1FA81E7A00AE4134 /* MMGCD.m in Sources */,
				7F414F4E1F67871A00EC8E86 /* MMGiftEffectOperationMgr.m in Sources */,
				7F91F7C91F62991400B20D76 /* MMGiftContainerView.m in Sources */,
				D706294A1F8B185100F52FCB /* HSSwitchTableViewCell.m in Sources */,
				D70629471F8B185100F52FCB /* HSCustomTableViewCell.m in Sources */,
				7F590D7F1FA9A5D4006F7BF0 /* UIResponder+STPopup.m in Sources */,
				D706294F1F8B189C00F52FCB /* UIColor+Common.m in Sources */,
				7F590D7D1FA9A5D4006F7BF0 /* STPopupLeftBarItem.m in Sources */,
				7FD8CC351F98A995005DC9FF /* NSObject+CodableProperties.m in Sources */,
				7F590D801FA9A5D4006F7BF0 /* UIViewController+STPopup.m in Sources */,
				D7A73E231FB04F4800818CF5 /* MM_FindFriendEntryItemView.m in Sources */,
				D706293C1F8B185100F52FCB /* HSCustomCellModel.m in Sources */,
				7FDC6ECD1F46E35A00D94379 /* AppDelegate.m in Sources */,
				D719742F1F6EFEDA0068F971 /* MM_AutoReplyViewController.m in Sources */,
				7F32E0B01FA1BC70002D57FB /* HLLStickIndicator.m in Sources */,
				7F590D7B1FA9A5D4006F7BF0 /* STPopupControllerTransitioningFade.m in Sources */,
				D706293D1F8B185100F52FCB /* HSImageCellModel.m in Sources */,
				D70F5DE01FA81D02007FBD43 /* FDPresentingAnimator.m in Sources */,
				D70F5DEA1FA81EED007FBD43 /* Easing.c in Sources */,
				7F9CED3B1F5CEAA000A64EB5 /* MMRunwayCoreView.m in Sources */,
				7FBCF0CA1F4EE12200E2EEC7 /* HLLAttributedBuilder.m in Sources */,
				D70629061F8B143D00F52FCB /* MMPickerView.m in Sources */,
				D70629481F8B185100F52FCB /* HSImageTableViewCell.m in Sources */,
				D70629491F8B185100F52FCB /* HSInputTableViewCell.m in Sources */,
				D70629401F8B185100F52FCB /* HSTextCellModel.m in Sources */,
				7F414F4B1F67866200EC8E86 /* MMGiftEffectViewController.m in Sources */,
				D706293E1F8B185100F52FCB /* HSInputCellModel.m in Sources */,
				D7A595B81FAAC156000C59FE /* CreatePDFViewController.m in Sources */,
				D70F5DE31FA81D69007FBD43 /* FDDismissingAnimator.m in Sources */,
				7FD8CC261F984A3F005DC9FF /* HLLPlaceholderTextView.m in Sources */,
				D70629421F8B185100F52FCB /* HSSectionModel.m in Sources */,
				7FCF75061F8B1EAD00514597 /* TableDemoViewController.m in Sources */,
				D715E6A61FA7152100CFBFF4 /* CLTStickyLayout.m in Sources */,
				7FDC6EE11F46E38800D94379 /* HLLWaveView.m in Sources */,
				D7DE014E1F98C1EF008682DE /* NSInvocation+AHKAdditions.m in Sources */,
				D70629461F8B185100F52FCB /* HSBaseTableViewCell.m in Sources */,
				7FBCF0C41F4E776B00E2EEC7 /* HLLCircularLoaderView.m in Sources */,
				D706294B1F8B185100F52FCB /* HSTextTableViewCell.m in Sources */,
				7FD8CC291F984A8D005DC9FF /* UILabel+ContentSize.m in Sources */,
				D70629431F8B185100F52FCB /* HSTableViewModel.m in Sources */,
				7FBCF0BE1F4D269100E2EEC7 /* HLLSegmentView.m in Sources */,
				D70629411F8B185100F52FCB /* HSTitleCellModel.m in Sources */,
				7FED6BA61F5557F0004E3345 /* TableViewDataSource.m in Sources */,
				D70F5DD71FA74B26007FBD43 /* UIView+Glow.m in Sources */,
				D70629581F8B19AF00F52FCB /* RootViewController.m in Sources */,
				D706293A1F8B185100F52FCB /* HSSetTableViewMainController.m in Sources */,
				D7008DDC1FB180B500BD6EA0 /* MMNavigationController.m in Sources */,
				D70629521F8B18F300F52FCB /* NSString+Exten.m in Sources */,
				D70629021F8B132E00F52FCB /* NSUserDefaults+MM_Common.m in Sources */,
				D70629391F8B185100F52FCB /* MMAssetsCellModel.m in Sources */,
				7F590D7A1FA9A5D4006F7BF0 /* STPopupController.m in Sources */,
				D7A73E201FB04B2B00818CF5 /* MM_FindFriendEntryViewController.m in Sources */,
				D70F5DEB1FA81EED007FBD43 /* YXEasing.m in Sources */,
				7F8B6C081F95ED6F00F3A6E3 /* MMSearchReusableView.m in Sources */,
				D706294C1F8B185100F52FCB /* HSTitleTableViewCell.m in Sources */,
				D70629451F8B185100F52FCB /* HSSetTableViewControllerConst.m in Sources */,
				7F9CED371F57F31C00A64EB5 /* UIView+AutoLayoutSupport.m in Sources */,
				D70F5DDA1FA74BCB007FBD43 /* FDCustomView.m in Sources */,
				7F94A34B1F55120D00DA28EA /* NSArray+Sugar.m in Sources */,
				D706295C1F8B860B00F52FCB /* PCCustomView.m in Sources */,
				D70F5DDD1FA74FFB007FBD43 /* FDCollectionView.m in Sources */,
				7F9CED3E1F5D1F9D00A64EB5 /* MMRunwayProContentView.m in Sources */,
				D7A73E1D1FAC16E800818CF5 /* MarkdownRenderHTMLViewController.m in Sources */,
				D7A595BB1FAAC743000C59FE /* FDHTMLRenderComposer.m in Sources */,
				7FBC5FB71F97454C00DCF3E9 /* ANYMethodLog.m in Sources */,
				7F8B6C021F95ECBC00F3A6E3 /* MMSearchViewController.m in Sources */,
				7F590D7E1FA9A5D4006F7BF0 /* STPopupNavigationBar.m in Sources */,
				D7DF33541F6AC9E400771928 /* MMPreviewHUD.m in Sources */,
				D715E6A01FA627D500CFBFF4 /* FDViewController.m in Sources */,
				7FDC6ECA1F46E35A00D94379 /* main.m in Sources */,
			);
			runOnlyForDeploymentPostprocessing = 0;
		};
/* End PBXSourcesBuildPhase section */

/* Begin PBXVariantGroup section */
		7FDC6ED11F46E35A00D94379 /* Main.storyboard */ = {
			isa = PBXVariantGroup;
			children = (
				7FDC6ED21F46E35A00D94379 /* Base */,
			);
			name = Main.storyboard;
			sourceTree = "<group>";
		};
		7FDC6ED61F46E35A00D94379 /* LaunchScreen.storyboard */ = {
			isa = PBXVariantGroup;
			children = (
				7FDC6ED71F46E35A00D94379 /* Base */,
			);
			name = LaunchScreen.storyboard;
			sourceTree = "<group>";
		};
/* End PBXVariantGroup section */

/* Begin XCBuildConfiguration section */
		7FDC6EDA1F46E35A00D94379 /* Debug */ = {
			isa = XCBuildConfiguration;
			buildSettings = {
				ALWAYS_SEARCH_USER_PATHS = NO;
				CLANG_ANALYZER_NONNULL = YES;
				CLANG_ANALYZER_NUMBER_OBJECT_CONVERSION = YES_AGGRESSIVE;
				CLANG_CXX_LANGUAGE_STANDARD = "gnu++0x";
				CLANG_CXX_LIBRARY = "libc++";
				CLANG_ENABLE_MODULES = YES;
				CLANG_ENABLE_OBJC_ARC = YES;
				CLANG_WARN_BOOL_CONVERSION = YES;
				CLANG_WARN_CONSTANT_CONVERSION = YES;
				CLANG_WARN_DIRECT_OBJC_ISA_USAGE = YES_ERROR;
				CLANG_WARN_DOCUMENTATION_COMMENTS = YES;
				CLANG_WARN_EMPTY_BODY = YES;
				CLANG_WARN_ENUM_CONVERSION = YES;
				CLANG_WARN_INFINITE_RECURSION = YES;
				CLANG_WARN_INT_CONVERSION = YES;
				CLANG_WARN_OBJC_ROOT_CLASS = YES_ERROR;
				CLANG_WARN_SUSPICIOUS_MOVE = YES;
				CLANG_WARN_UNREACHABLE_CODE = YES;
				CLANG_WARN__DUPLICATE_METHOD_MATCH = YES;
				"CODE_SIGN_IDENTITY[sdk=iphoneos*]" = "iPhone Developer";
				COPY_PHASE_STRIP = NO;
				DEBUG_INFORMATION_FORMAT = dwarf;
				ENABLE_STRICT_OBJC_MSGSEND = YES;
				ENABLE_TESTABILITY = YES;
				GCC_C_LANGUAGE_STANDARD = gnu99;
				GCC_DYNAMIC_NO_PIC = NO;
				GCC_NO_COMMON_BLOCKS = YES;
				GCC_OPTIMIZATION_LEVEL = 0;
				GCC_PREPROCESSOR_DEFINITIONS = (
					"DEBUG=1",
					"$(inherited)",
				);
				GCC_WARN_64_TO_32_BIT_CONVERSION = YES;
				GCC_WARN_ABOUT_RETURN_TYPE = YES_ERROR;
				GCC_WARN_UNDECLARED_SELECTOR = YES;
				GCC_WARN_UNINITIALIZED_AUTOS = YES_AGGRESSIVE;
				GCC_WARN_UNUSED_FUNCTION = YES;
				GCC_WARN_UNUSED_VARIABLE = YES;
				IPHONEOS_DEPLOYMENT_TARGET = 10.3;
				MTL_ENABLE_DEBUG_INFO = YES;
				ONLY_ACTIVE_ARCH = YES;
				SDKROOT = iphoneos;
				TARGETED_DEVICE_FAMILY = "1,2";
			};
			name = Debug;
		};
		7FDC6EDB1F46E35A00D94379 /* Release */ = {
			isa = XCBuildConfiguration;
			buildSettings = {
				ALWAYS_SEARCH_USER_PATHS = NO;
				CLANG_ANALYZER_NONNULL = YES;
				CLANG_ANALYZER_NUMBER_OBJECT_CONVERSION = YES_AGGRESSIVE;
				CLANG_CXX_LANGUAGE_STANDARD = "gnu++0x";
				CLANG_CXX_LIBRARY = "libc++";
				CLANG_ENABLE_MODULES = YES;
				CLANG_ENABLE_OBJC_ARC = YES;
				CLANG_WARN_BOOL_CONVERSION = YES;
				CLANG_WARN_CONSTANT_CONVERSION = YES;
				CLANG_WARN_DIRECT_OBJC_ISA_USAGE = YES_ERROR;
				CLANG_WARN_DOCUMENTATION_COMMENTS = YES;
				CLANG_WARN_EMPTY_BODY = YES;
				CLANG_WARN_ENUM_CONVERSION = YES;
				CLANG_WARN_INFINITE_RECURSION = YES;
				CLANG_WARN_INT_CONVERSION = YES;
				CLANG_WARN_OBJC_ROOT_CLASS = YES_ERROR;
				CLANG_WARN_SUSPICIOUS_MOVE = YES;
				CLANG_WARN_UNREACHABLE_CODE = YES;
				CLANG_WARN__DUPLICATE_METHOD_MATCH = YES;
				"CODE_SIGN_IDENTITY[sdk=iphoneos*]" = "iPhone Developer";
				COPY_PHASE_STRIP = NO;
				DEBUG_INFORMATION_FORMAT = "dwarf-with-dsym";
				ENABLE_NS_ASSERTIONS = NO;
				ENABLE_STRICT_OBJC_MSGSEND = YES;
				GCC_C_LANGUAGE_STANDARD = gnu99;
				GCC_NO_COMMON_BLOCKS = YES;
				GCC_WARN_64_TO_32_BIT_CONVERSION = YES;
				GCC_WARN_ABOUT_RETURN_TYPE = YES_ERROR;
				GCC_WARN_UNDECLARED_SELECTOR = YES;
				GCC_WARN_UNINITIALIZED_AUTOS = YES_AGGRESSIVE;
				GCC_WARN_UNUSED_FUNCTION = YES;
				GCC_WARN_UNUSED_VARIABLE = YES;
				IPHONEOS_DEPLOYMENT_TARGET = 10.3;
				MTL_ENABLE_DEBUG_INFO = NO;
				SDKROOT = iphoneos;
				TARGETED_DEVICE_FAMILY = "1,2";
				VALIDATE_PRODUCT = YES;
			};
			name = Release;
		};
		7FDC6EDD1F46E35A00D94379 /* Debug */ = {
			isa = XCBuildConfiguration;
			baseConfigurationReference = 8B9A4BC81A12BABD40DE994D /* Pods-Weather_App.debug.xcconfig */;
			buildSettings = {
				ASSETCATALOG_COMPILER_APPICON_NAME = AppIcon;
				CLANG_ENABLE_MODULES = YES;
				DEVELOPMENT_TEAM = LL7GM42E2F;
				INFOPLIST_FILE = Weather_App/Info.plist;
				IPHONEOS_DEPLOYMENT_TARGET = 10.0;
				LD_RUNPATH_SEARCH_PATHS = "$(inherited) @executable_path/Frameworks";
				PRODUCT_BUNDLE_IDENTIFIER = com.rocky.weather;
				PRODUCT_NAME = "$(TARGET_NAME)";
				SWIFT_OBJC_BRIDGING_HEADER = "Weather_App/Weather_App-Bridging-Header.h";
				SWIFT_OPTIMIZATION_LEVEL = "-Onone";
				SWIFT_VERSION = 3.0;
			};
			name = Debug;
		};
		7FDC6EDE1F46E35A00D94379 /* Release */ = {
			isa = XCBuildConfiguration;
			baseConfigurationReference = C1DD493FBDDB77E68B89AA1C /* Pods-Weather_App.release.xcconfig */;
			buildSettings = {
				ASSETCATALOG_COMPILER_APPICON_NAME = AppIcon;
				CLANG_ENABLE_MODULES = YES;
				DEVELOPMENT_TEAM = LL7GM42E2F;
				INFOPLIST_FILE = Weather_App/Info.plist;
				IPHONEOS_DEPLOYMENT_TARGET = 10.0;
				LD_RUNPATH_SEARCH_PATHS = "$(inherited) @executable_path/Frameworks";
				PRODUCT_BUNDLE_IDENTIFIER = com.rocky.weather;
				PRODUCT_NAME = "$(TARGET_NAME)";
				SWIFT_OBJC_BRIDGING_HEADER = "Weather_App/Weather_App-Bridging-Header.h";
				SWIFT_VERSION = 3.0;
			};
			name = Release;
		};
/* End XCBuildConfiguration section */

/* Begin XCConfigurationList section */
		7FDC6EC01F46E35A00D94379 /* Build configuration list for PBXProject "Weather_App" */ = {
			isa = XCConfigurationList;
			buildConfigurations = (
				7FDC6EDA1F46E35A00D94379 /* Debug */,
				7FDC6EDB1F46E35A00D94379 /* Release */,
			);
			defaultConfigurationIsVisible = 0;
			defaultConfigurationName = Debug;
		};
		7FDC6EDC1F46E35A00D94379 /* Build configuration list for PBXNativeTarget "Weather_App" */ = {
			isa = XCConfigurationList;
			buildConfigurations = (
				7FDC6EDD1F46E35A00D94379 /* Debug */,
				7FDC6EDE1F46E35A00D94379 /* Release */,
			);
			defaultConfigurationIsVisible = 0;
			defaultConfigurationName = Debug;
		};
/* End XCConfigurationList section */
	};
	rootObject = 7FDC6EBD1F46E35A00D94379 /* Project object */;
}
